// !$*UTF8*$!
{
	archiveVersion = 1;
	classes = {
	};
	objectVersion = 55;
	objects = {

/* Begin PBXBuildFile section */
		0A0464F5278BA26800215F88 /* hikeData.json in Resources */ = {isa = PBXBuildFile; fileRef = 0A0464F4278BA26800215F88 /* hikeData.json */; };
		0A0464F7278BAA9A00215F88 /* Hike.swift in Sources */ = {isa = PBXBuildFile; fileRef = 0A0464F6278BAA9A00215F88 /* Hike.swift */; };
		0A0464F9278BAAED00215F88 /* HikeView.swift in Sources */ = {isa = PBXBuildFile; fileRef = 0A0464F8278BAAED00215F88 /* HikeView.swift */; };
		0A0464FE278BAE3400215F88 /* HikeGraph.swift in Sources */ = {isa = PBXBuildFile; fileRef = 0A0464FB278BAE3400215F88 /* HikeGraph.swift */; };
		0A0464FF278BAE3400215F88 /* GraphCapsule.swift in Sources */ = {isa = PBXBuildFile; fileRef = 0A0464FC278BAE3400215F88 /* GraphCapsule.swift */; };
		0A046500278BAE3400215F88 /* HikeDetail.swift in Sources */ = {isa = PBXBuildFile; fileRef = 0A0464FD278BAE3400215F88 /* HikeDetail.swift */; };
		0A046502278BBB1B00215F88 /* CategoryHome.swift in Sources */ = {isa = PBXBuildFile; fileRef = 0A046501278BBB1B00215F88 /* CategoryHome.swift */; };
		0A046504278BC9B500215F88 /* CategoryRow.swift in Sources */ = {isa = PBXBuildFile; fileRef = 0A046503278BC9B500215F88 /* CategoryRow.swift */; };
		0A046507278BCC0900215F88 /* CategoryItem.swift in Sources */ = {isa = PBXBuildFile; fileRef = 0A046506278BCC0900215F88 /* CategoryItem.swift */; };
		0A293029278F9D5D0012AA1A /* LandmarkList.swift in Sources */ = {isa = PBXBuildFile; fileRef = 0A293028278F9D5D0012AA1A /* LandmarkList.swift */; };
		0A29302B278FA63F0012AA1A /* LandmarkCommands.swift in Sources */ = {isa = PBXBuildFile; fileRef = 0A29302A278FA63F0012AA1A /* LandmarkCommands.swift */; };
		0A29302C278FA6540012AA1A /* LandmarkCommands.swift in Sources */ = {isa = PBXBuildFile; fileRef = 0A29302A278FA63F0012AA1A /* LandmarkCommands.swift */; };
		0A29302E278FA71F0012AA1A /* LandmarkSettings.swift in Sources */ = {isa = PBXBuildFile; fileRef = 0A29302D278FA71F0012AA1A /* LandmarkSettings.swift */; };
		0A29302F278FA7440012AA1A /* LandmarkSettings.swift in Sources */ = {isa = PBXBuildFile; fileRef = 0A29302D278FA71F0012AA1A /* LandmarkSettings.swift */; };
		0A29303E278FDFB70012AA1A /* FeatureCard.swift in Sources */ = {isa = PBXBuildFile; fileRef = 0A29303A278FDFB70012AA1A /* FeatureCard.swift */; };
		0A29303F278FDFB70012AA1A /* PageControl.swift in Sources */ = {isa = PBXBuildFile; fileRef = 0A29303B278FDFB70012AA1A /* PageControl.swift */; };
		0A293040278FDFB70012AA1A /* PageViewController.swift in Sources */ = {isa = PBXBuildFile; fileRef = 0A29303C278FDFB70012AA1A /* PageViewController.swift */; };
		0A293041278FDFB70012AA1A /* PageView.swift in Sources */ = {isa = PBXBuildFile; fileRef = 0A29303D278FDFB70012AA1A /* PageView.swift */; };
		0A339BF3278C0F7A000B2019 /* FeaturedView.swift in Sources */ = {isa = PBXBuildFile; fileRef = 0A339BF2278C0F7A000B2019 /* FeaturedView.swift */; };
		0A5152B4278AA74000281301 /* LandmarksApp.swift in Sources */ = {isa = PBXBuildFile; fileRef = 0A5152B3278AA74000281301 /* LandmarksApp.swift */; };
		0A5152B6278AA74000281301 /* ContentView.swift in Sources */ = {isa = PBXBuildFile; fileRef = 0A5152B5278AA74000281301 /* ContentView.swift */; };
		0A5152B8278AA74100281301 /* Assets.xcassets in Resources */ = {isa = PBXBuildFile; fileRef = 0A5152B7278AA74100281301 /* Assets.xcassets */; };
		0A5152BB278AA74100281301 /* Preview Assets.xcassets in Resources */ = {isa = PBXBuildFile; fileRef = 0A5152BA278AA74100281301 /* Preview Assets.xcassets */; };
		0A5152C5278AA74100281301 /* LandmarksTests.swift in Sources */ = {isa = PBXBuildFile; fileRef = 0A5152C4278AA74100281301 /* LandmarksTests.swift */; };
		0A5152CF278AA74100281301 /* LandmarksUITests.swift in Sources */ = {isa = PBXBuildFile; fileRef = 0A5152CE278AA74100281301 /* LandmarksUITests.swift */; };
		0A5152D1278AA74100281301 /* LandmarksUITestsLaunchTests.swift in Sources */ = {isa = PBXBuildFile; fileRef = 0A5152D0278AA74100281301 /* LandmarksUITestsLaunchTests.swift */; };
		0A5152DE278AAAA900281301 /* CircleImage.swift in Sources */ = {isa = PBXBuildFile; fileRef = 0A5152DD278AAAA900281301 /* CircleImage.swift */; };
		0A5152E0278AABBE00281301 /* MapView.swift in Sources */ = {isa = PBXBuildFile; fileRef = 0A5152DF278AABBE00281301 /* MapView.swift */; };
		0A5152E4278AAFED00281301 /* landmarkData.json in Resources */ = {isa = PBXBuildFile; fileRef = 0A5152E3278AAFED00281301 /* landmarkData.json */; };
		0A5152E6278AB00500281301 /* Landmark.swift in Sources */ = {isa = PBXBuildFile; fileRef = 0A5152E5278AB00500281301 /* Landmark.swift */; };
		0A5152E8278AB33F00281301 /* ModelData.swift in Sources */ = {isa = PBXBuildFile; fileRef = 0A5152E7278AB33F00281301 /* ModelData.swift */; };
		0A5152F0278AB55B00281301 /* LandmarkRow.swift in Sources */ = {isa = PBXBuildFile; fileRef = 0A5152EF278AB55B00281301 /* LandmarkRow.swift */; };
		0A5152F2278AB99700281301 /* LandmarkList.swift in Sources */ = {isa = PBXBuildFile; fileRef = 0A5152F1278AB99700281301 /* LandmarkList.swift */; };
		0A5152F4278ACFC500281301 /* LandmarkDetail.swift in Sources */ = {isa = PBXBuildFile; fileRef = 0A5152F3278ACFC500281301 /* LandmarkDetail.swift */; };
		0A5152F6278AE2E800281301 /* FavoriteButton.swift in Sources */ = {isa = PBXBuildFile; fileRef = 0A5152F5278AE2E800281301 /* FavoriteButton.swift */; };
		0A6AE637278D6D9E00A58725 /* WatchLandmarks WatchKit Extension.appex in Embed App Extensions */ = {isa = PBXBuildFile; fileRef = 0A6AE636278D6D9E00A58725 /* WatchLandmarks WatchKit Extension.appex */; settings = {ATTRIBUTES = (RemoveHeadersOnCopy, ); }; };
		0A6AE63E278D6D9E00A58725 /* ContentView.swift in Sources */ = {isa = PBXBuildFile; fileRef = 0A6AE63D278D6D9E00A58725 /* ContentView.swift */; };
		0A6AE640278D6D9E00A58725 /* NotificationController.swift in Sources */ = {isa = PBXBuildFile; fileRef = 0A6AE63F278D6D9E00A58725 /* NotificationController.swift */; };
		0A6AE642278D6D9E00A58725 /* NotificationView.swift in Sources */ = {isa = PBXBuildFile; fileRef = 0A6AE641278D6D9E00A58725 /* NotificationView.swift */; };
		0A6AE644278D6D9E00A58725 /* ComplicationController.swift in Sources */ = {isa = PBXBuildFile; fileRef = 0A6AE643278D6D9E00A58725 /* ComplicationController.swift */; };
		0A6AE646278D6D9F00A58725 /* Assets.xcassets in Resources */ = {isa = PBXBuildFile; fileRef = 0A6AE645278D6D9F00A58725 /* Assets.xcassets */; };
		0A6AE649278D6D9F00A58725 /* Preview Assets.xcassets in Resources */ = {isa = PBXBuildFile; fileRef = 0A6AE648278D6D9F00A58725 /* Preview Assets.xcassets */; };
		0A6AE655278D6D9F00A58725 /* WatchLandmarksTests.swift in Sources */ = {isa = PBXBuildFile; fileRef = 0A6AE654278D6D9F00A58725 /* WatchLandmarksTests.swift */; };
		0A6AE65F278D6D9F00A58725 /* WatchLandmarksUITests.swift in Sources */ = {isa = PBXBuildFile; fileRef = 0A6AE65E278D6D9F00A58725 /* WatchLandmarksUITests.swift */; };
		0A6AE661278D6D9F00A58725 /* WatchLandmarksUITestsLaunchTests.swift in Sources */ = {isa = PBXBuildFile; fileRef = 0A6AE660278D6D9F00A58725 /* WatchLandmarksUITestsLaunchTests.swift */; };
		0A6AE664278D6D9F00A58725 /* WatchLandmarks.app in Embed Watch Content */ = {isa = PBXBuildFile; fileRef = 0A6AE62E278D6D9E00A58725 /* WatchLandmarks.app */; settings = {ATTRIBUTES = (RemoveHeadersOnCopy, ); }; };
		0A6AE673278D6EF700A58725 /* Profile.swift in Sources */ = {isa = PBXBuildFile; fileRef = 0AFBA46B278D5C12008DED19 /* Profile.swift */; };
		0A6AE675278D6EF700A58725 /* CircleImage.swift in Sources */ = {isa = PBXBuildFile; fileRef = 0A5152DD278AAAA900281301 /* CircleImage.swift */; };
		0A6AE676278D6EF700A58725 /* Hike.swift in Sources */ = {isa = PBXBuildFile; fileRef = 0A0464F6278BAA9A00215F88 /* Hike.swift */; };
		0A6AE677278D6EF700A58725 /* LandmarksApp.swift in Sources */ = {isa = PBXBuildFile; fileRef = 0A5152B3278AA74000281301 /* LandmarksApp.swift */; };
		0A6AE678278D6EF700A58725 /* MapView.swift in Sources */ = {isa = PBXBuildFile; fileRef = 0A5152DF278AABBE00281301 /* MapView.swift */; };
		0A6AE679278D6EF700A58725 /* landmarkData.json in Resources */ = {isa = PBXBuildFile; fileRef = 0A5152E3278AAFED00281301 /* landmarkData.json */; };
		0A6AE67A278D6EF700A58725 /* Landmark.swift in Sources */ = {isa = PBXBuildFile; fileRef = 0A5152E5278AB00500281301 /* Landmark.swift */; };
		0A6AE67B278D6EF700A58725 /* hikeData.json in Resources */ = {isa = PBXBuildFile; fileRef = 0A0464F4278BA26800215F88 /* hikeData.json */; };
		0A6AE67C278D6EF700A58725 /* ModelData.swift in Sources */ = {isa = PBXBuildFile; fileRef = 0A5152E7278AB33F00281301 /* ModelData.swift */; };
		0A6AE67D278D6EF700A58725 /* Assets.xcassets in Resources */ = {isa = PBXBuildFile; fileRef = 0A5152B7278AA74100281301 /* Assets.xcassets */; };
		0A6AE67E278D6EF700A58725 /* LandmarkRow.swift in Sources */ = {isa = PBXBuildFile; fileRef = 0A5152EF278AB55B00281301 /* LandmarkRow.swift */; };
		0A6AE699278D6F4800A58725 /* Assets.xcassets in Resources */ = {isa = PBXBuildFile; fileRef = 0A6AE698278D6F4800A58725 /* Assets.xcassets */; };
		0A6AE69B278D6FA000A58725 /* LandmarkDetail.swift in Sources */ = {isa = PBXBuildFile; fileRef = 0A6AE69A278D6FA000A58725 /* LandmarkDetail.swift */; };
		0A6AE6A8278D7CE600A58725 /* ContentView.swift in Sources */ = {isa = PBXBuildFile; fileRef = 0A6AE6A7278D7CE600A58725 /* ContentView.swift */; };
		0A6AE6AA278D7CE700A58725 /* Assets.xcassets in Resources */ = {isa = PBXBuildFile; fileRef = 0A6AE6A9278D7CE700A58725 /* Assets.xcassets */; };
		0A6AE6AD278D7CE700A58725 /* Preview Assets.xcassets in Resources */ = {isa = PBXBuildFile; fileRef = 0A6AE6AC278D7CE700A58725 /* Preview Assets.xcassets */; };
		0A6AE6B8278D7CE700A58725 /* MacLandmarksTests.swift in Sources */ = {isa = PBXBuildFile; fileRef = 0A6AE6B7278D7CE700A58725 /* MacLandmarksTests.swift */; };
		0A6AE6C2278D7CE700A58725 /* MacLandmarksUITests.swift in Sources */ = {isa = PBXBuildFile; fileRef = 0A6AE6C1278D7CE700A58725 /* MacLandmarksUITests.swift */; };
		0A6AE6C4278D7CE700A58725 /* MacLandmarksUITestsLaunchTests.swift in Sources */ = {isa = PBXBuildFile; fileRef = 0A6AE6C3278D7CE700A58725 /* MacLandmarksUITestsLaunchTests.swift */; };
		0A6AE6CE278D7D3300A58725 /* LandmarksApp.swift in Sources */ = {isa = PBXBuildFile; fileRef = 0A5152B3278AA74000281301 /* LandmarksApp.swift */; };
		0A6AE6CF278D7D4F00A58725 /* ModelData.swift in Sources */ = {isa = PBXBuildFile; fileRef = 0A5152E7278AB33F00281301 /* ModelData.swift */; };
		0A6AE6D1278D7DCF00A58725 /* CircleImage.swift in Sources */ = {isa = PBXBuildFile; fileRef = 0A5152DD278AAAA900281301 /* CircleImage.swift */; };
		0A6AE6D2278D7DCF00A58725 /* hikeData.json in Resources */ = {isa = PBXBuildFile; fileRef = 0A0464F4278BA26800215F88 /* hikeData.json */; };
		0A6AE6D3278D7DCF00A58725 /* landmarkData.json in Resources */ = {isa = PBXBuildFile; fileRef = 0A5152E3278AAFED00281301 /* landmarkData.json */; };
		0A6AE6D4278D7DCF00A58725 /* Landmark.swift in Sources */ = {isa = PBXBuildFile; fileRef = 0A5152E5278AB00500281301 /* Landmark.swift */; };
		0A6AE6D5278D7DCF00A58725 /* Assets.xcassets in Resources */ = {isa = PBXBuildFile; fileRef = 0A5152B7278AA74100281301 /* Assets.xcassets */; };
		0A6AE6D6278D7DCF00A58725 /* FavoriteButton.swift in Sources */ = {isa = PBXBuildFile; fileRef = 0A5152F5278AE2E800281301 /* FavoriteButton.swift */; };
		0A6AE6D7278D7DCF00A58725 /* MapView.swift in Sources */ = {isa = PBXBuildFile; fileRef = 0A5152DF278AABBE00281301 /* MapView.swift */; };
		0A6AE6D9278D7DCF00A58725 /* Profile.swift in Sources */ = {isa = PBXBuildFile; fileRef = 0AFBA46B278D5C12008DED19 /* Profile.swift */; };
		0A6AE6DA278D7DCF00A58725 /* Hike.swift in Sources */ = {isa = PBXBuildFile; fileRef = 0A0464F6278BAA9A00215F88 /* Hike.swift */; };
		0A6AE6DC278D7E8F00A58725 /* LandmarkList.swift in Sources */ = {isa = PBXBuildFile; fileRef = 0A5152F1278AB99700281301 /* LandmarkList.swift */; };
		0A6AE6DD278D7E8F00A58725 /* LandmarkRow.swift in Sources */ = {isa = PBXBuildFile; fileRef = 0A5152EF278AB55B00281301 /* LandmarkRow.swift */; };
		0A6AE6DF278D7E9B00A58725 /* LandmarkDetail.swift in Sources */ = {isa = PBXBuildFile; fileRef = 0A6AE6DE278D7E9B00A58725 /* LandmarkDetail.swift */; };
		0A84DCFB278B7D6800C97439 /* HexagonParameters.swift in Sources */ = {isa = PBXBuildFile; fileRef = 0A84DCFA278B7D6800C97439 /* HexagonParameters.swift */; };
		0A84DCFE278B8AFA00C97439 /* BadgeBackground.swift in Sources */ = {isa = PBXBuildFile; fileRef = 0A84DCFD278B8AFA00C97439 /* BadgeBackground.swift */; };
		0A84DD00278B8E6C00C97439 /* BadgeSymbol.swift in Sources */ = {isa = PBXBuildFile; fileRef = 0A84DCFF278B8E6C00C97439 /* BadgeSymbol.swift */; };
		0A84DD02278B985800C97439 /* Badge.swift in Sources */ = {isa = PBXBuildFile; fileRef = 0A84DD01278B985800C97439 /* Badge.swift */; };
		0A84DD04278B9D5A00C97439 /* RotatedBadgeSymbol.swift in Sources */ = {isa = PBXBuildFile; fileRef = 0A84DD03278B9D5A00C97439 /* RotatedBadgeSymbol.swift */; };
		0AFBA46C278D5C12008DED19 /* Profile.swift in Sources */ = {isa = PBXBuildFile; fileRef = 0AFBA46B278D5C12008DED19 /* Profile.swift */; };
		0AFBA46F278D5D01008DED19 /* ProfileHost.swift in Sources */ = {isa = PBXBuildFile; fileRef = 0AFBA46E278D5D01008DED19 /* ProfileHost.swift */; };
		0AFBA471278D5D69008DED19 /* ProfileSummary.swift in Sources */ = {isa = PBXBuildFile; fileRef = 0AFBA470278D5D69008DED19 /* ProfileSummary.swift */; };
		0AFBA473278D5DFF008DED19 /* HikeBadge.swift in Sources */ = {isa = PBXBuildFile; fileRef = 0AFBA472278D5DFF008DED19 /* HikeBadge.swift */; };
		0AFBA475278D5EB4008DED19 /* ProfileEditor.swift in Sources */ = {isa = PBXBuildFile; fileRef = 0AFBA474278D5EB4008DED19 /* ProfileEditor.swift */; };
/* End PBXBuildFile section */

/* Begin PBXContainerItemProxy section */
		0A5152C1278AA74100281301 /* PBXContainerItemProxy */ = {
			isa = PBXContainerItemProxy;
			containerPortal = 0A5152A8278AA74000281301 /* Project object */;
			proxyType = 1;
			remoteGlobalIDString = 0A5152AF278AA74000281301;
			remoteInfo = Landmarks;
		};
		0A5152CB278AA74100281301 /* PBXContainerItemProxy */ = {
			isa = PBXContainerItemProxy;
			containerPortal = 0A5152A8278AA74000281301 /* Project object */;
			proxyType = 1;
			remoteGlobalIDString = 0A5152AF278AA74000281301;
			remoteInfo = Landmarks;
		};
		0A6AE638278D6D9E00A58725 /* PBXContainerItemProxy */ = {
			isa = PBXContainerItemProxy;
			containerPortal = 0A5152A8278AA74000281301 /* Project object */;
			proxyType = 1;
			remoteGlobalIDString = 0A6AE635278D6D9E00A58725;
			remoteInfo = "WatchLandmarks WatchKit Extension";
		};
		0A6AE651278D6D9F00A58725 /* PBXContainerItemProxy */ = {
			isa = PBXContainerItemProxy;
			containerPortal = 0A5152A8278AA74000281301 /* Project object */;
			proxyType = 1;
			remoteGlobalIDString = 0A6AE635278D6D9E00A58725;
			remoteInfo = "WatchLandmarks WatchKit Extension";
		};
		0A6AE65B278D6D9F00A58725 /* PBXContainerItemProxy */ = {
			isa = PBXContainerItemProxy;
			containerPortal = 0A5152A8278AA74000281301 /* Project object */;
			proxyType = 1;
			remoteGlobalIDString = 0A6AE62D278D6D9E00A58725;
			remoteInfo = WatchLandmarks;
		};
		0A6AE662278D6D9F00A58725 /* PBXContainerItemProxy */ = {
			isa = PBXContainerItemProxy;
			containerPortal = 0A5152A8278AA74000281301 /* Project object */;
			proxyType = 1;
			remoteGlobalIDString = 0A6AE62D278D6D9E00A58725;
			remoteInfo = WatchLandmarks;
		};
		0A6AE6B4278D7CE700A58725 /* PBXContainerItemProxy */ = {
			isa = PBXContainerItemProxy;
			containerPortal = 0A5152A8278AA74000281301 /* Project object */;
			proxyType = 1;
			remoteGlobalIDString = 0A6AE6A2278D7CE600A58725;
			remoteInfo = MacLandmarks;
		};
		0A6AE6BE278D7CE700A58725 /* PBXContainerItemProxy */ = {
			isa = PBXContainerItemProxy;
			containerPortal = 0A5152A8278AA74000281301 /* Project object */;
			proxyType = 1;
			remoteGlobalIDString = 0A6AE6A2278D7CE600A58725;
			remoteInfo = MacLandmarks;
		};
/* End PBXContainerItemProxy section */

/* Begin PBXCopyFilesBuildPhase section */
		0A6AE668278D6D9F00A58725 /* Embed App Extensions */ = {
			isa = PBXCopyFilesBuildPhase;
			buildActionMask = 2147483647;
			dstPath = "";
			dstSubfolderSpec = 13;
			files = (
				0A6AE637278D6D9E00A58725 /* WatchLandmarks WatchKit Extension.appex in Embed App Extensions */,
			);
			name = "Embed App Extensions";
			runOnlyForDeploymentPostprocessing = 0;
		};
		0A6AE66C278D6D9F00A58725 /* Embed Watch Content */ = {
			isa = PBXCopyFilesBuildPhase;
			buildActionMask = 2147483647;
			dstPath = "$(CONTENTS_FOLDER_PATH)/Watch";
			dstSubfolderSpec = 16;
			files = (
				0A6AE664278D6D9F00A58725 /* WatchLandmarks.app in Embed Watch Content */,
			);
			name = "Embed Watch Content";
			runOnlyForDeploymentPostprocessing = 0;
		};
/* End PBXCopyFilesBuildPhase section */

/* Begin PBXFileReference section */
		0A0464F4278BA26800215F88 /* hikeData.json */ = {isa = PBXFileReference; fileEncoding = 4; lastKnownFileType = text.json; path = hikeData.json; sourceTree = "<group>"; };
		0A0464F6278BAA9A00215F88 /* Hike.swift */ = {isa = PBXFileReference; lastKnownFileType = sourcecode.swift; path = Hike.swift; sourceTree = "<group>"; };
		0A0464F8278BAAED00215F88 /* HikeView.swift */ = {isa = PBXFileReference; lastKnownFileType = sourcecode.swift; path = HikeView.swift; sourceTree = "<group>"; };
		0A0464FB278BAE3400215F88 /* HikeGraph.swift */ = {isa = PBXFileReference; fileEncoding = 4; lastKnownFileType = sourcecode.swift; path = HikeGraph.swift; sourceTree = "<group>"; };
		0A0464FC278BAE3400215F88 /* GraphCapsule.swift */ = {isa = PBXFileReference; fileEncoding = 4; lastKnownFileType = sourcecode.swift; path = GraphCapsule.swift; sourceTree = "<group>"; };
		0A0464FD278BAE3400215F88 /* HikeDetail.swift */ = {isa = PBXFileReference; fileEncoding = 4; lastKnownFileType = sourcecode.swift; path = HikeDetail.swift; sourceTree = "<group>"; };
		0A046501278BBB1B00215F88 /* CategoryHome.swift */ = {isa = PBXFileReference; lastKnownFileType = sourcecode.swift; path = CategoryHome.swift; sourceTree = "<group>"; };
		0A046503278BC9B500215F88 /* CategoryRow.swift */ = {isa = PBXFileReference; lastKnownFileType = sourcecode.swift; path = CategoryRow.swift; sourceTree = "<group>"; };
		0A046506278BCC0900215F88 /* CategoryItem.swift */ = {isa = PBXFileReference; lastKnownFileType = sourcecode.swift; path = CategoryItem.swift; sourceTree = "<group>"; };
		0A293028278F9D5D0012AA1A /* LandmarkList.swift */ = {isa = PBXFileReference; lastKnownFileType = sourcecode.swift; path = LandmarkList.swift; sourceTree = "<group>"; };
		0A29302A278FA63F0012AA1A /* LandmarkCommands.swift */ = {isa = PBXFileReference; lastKnownFileType = sourcecode.swift; path = LandmarkCommands.swift; sourceTree = "<group>"; };
		0A29302D278FA71F0012AA1A /* LandmarkSettings.swift */ = {isa = PBXFileReference; lastKnownFileType = sourcecode.swift; path = LandmarkSettings.swift; sourceTree = "<group>"; };
		0A29303A278FDFB70012AA1A /* FeatureCard.swift */ = {isa = PBXFileReference; fileEncoding = 4; lastKnownFileType = sourcecode.swift; path = FeatureCard.swift; sourceTree = "<group>"; };
		0A29303B278FDFB70012AA1A /* PageControl.swift */ = {isa = PBXFileReference; fileEncoding = 4; lastKnownFileType = sourcecode.swift; path = PageControl.swift; sourceTree = "<group>"; };
		0A29303C278FDFB70012AA1A /* PageViewController.swift */ = {isa = PBXFileReference; fileEncoding = 4; lastKnownFileType = sourcecode.swift; path = PageViewController.swift; sourceTree = "<group>"; };
		0A29303D278FDFB70012AA1A /* PageView.swift */ = {isa = PBXFileReference; fileEncoding = 4; lastKnownFileType = sourcecode.swift; path = PageView.swift; sourceTree = "<group>"; };
		0A339BF2278C0F7A000B2019 /* FeaturedView.swift */ = {isa = PBXFileReference; lastKnownFileType = sourcecode.swift; path = FeaturedView.swift; sourceTree = "<group>"; };
		0A5152B0278AA74000281301 /* Landmarks.app */ = {isa = PBXFileReference; explicitFileType = wrapper.application; includeInIndex = 0; path = Landmarks.app; sourceTree = BUILT_PRODUCTS_DIR; };
		0A5152B3278AA74000281301 /* LandmarksApp.swift */ = {isa = PBXFileReference; lastKnownFileType = sourcecode.swift; path = LandmarksApp.swift; sourceTree = "<group>"; };
		0A5152B5278AA74000281301 /* ContentView.swift */ = {isa = PBXFileReference; lastKnownFileType = sourcecode.swift; path = ContentView.swift; sourceTree = "<group>"; };
		0A5152B7278AA74100281301 /* Assets.xcassets */ = {isa = PBXFileReference; lastKnownFileType = folder.assetcatalog; path = Assets.xcassets; sourceTree = "<group>"; };
		0A5152BA278AA74100281301 /* Preview Assets.xcassets */ = {isa = PBXFileReference; lastKnownFileType = folder.assetcatalog; path = "Preview Assets.xcassets"; sourceTree = "<group>"; };
		0A5152C0278AA74100281301 /* LandmarksTests.xctest */ = {isa = PBXFileReference; explicitFileType = wrapper.cfbundle; includeInIndex = 0; path = LandmarksTests.xctest; sourceTree = BUILT_PRODUCTS_DIR; };
		0A5152C4278AA74100281301 /* LandmarksTests.swift */ = {isa = PBXFileReference; lastKnownFileType = sourcecode.swift; path = LandmarksTests.swift; sourceTree = "<group>"; };
		0A5152CA278AA74100281301 /* LandmarksUITests.xctest */ = {isa = PBXFileReference; explicitFileType = wrapper.cfbundle; includeInIndex = 0; path = LandmarksUITests.xctest; sourceTree = BUILT_PRODUCTS_DIR; };
		0A5152CE278AA74100281301 /* LandmarksUITests.swift */ = {isa = PBXFileReference; lastKnownFileType = sourcecode.swift; path = LandmarksUITests.swift; sourceTree = "<group>"; };
		0A5152D0278AA74100281301 /* LandmarksUITestsLaunchTests.swift */ = {isa = PBXFileReference; lastKnownFileType = sourcecode.swift; path = LandmarksUITestsLaunchTests.swift; sourceTree = "<group>"; };
		0A5152DD278AAAA900281301 /* CircleImage.swift */ = {isa = PBXFileReference; lastKnownFileType = sourcecode.swift; path = CircleImage.swift; sourceTree = "<group>"; };
		0A5152DF278AABBE00281301 /* MapView.swift */ = {isa = PBXFileReference; lastKnownFileType = sourcecode.swift; path = MapView.swift; sourceTree = "<group>"; };
		0A5152E3278AAFED00281301 /* landmarkData.json */ = {isa = PBXFileReference; fileEncoding = 4; lastKnownFileType = text.json; path = landmarkData.json; sourceTree = "<group>"; };
		0A5152E5278AB00500281301 /* Landmark.swift */ = {isa = PBXFileReference; lastKnownFileType = sourcecode.swift; path = Landmark.swift; sourceTree = "<group>"; };
		0A5152E7278AB33F00281301 /* ModelData.swift */ = {isa = PBXFileReference; lastKnownFileType = sourcecode.swift; path = ModelData.swift; sourceTree = "<group>"; };
		0A5152EF278AB55B00281301 /* LandmarkRow.swift */ = {isa = PBXFileReference; lastKnownFileType = sourcecode.swift; path = LandmarkRow.swift; sourceTree = "<group>"; };
		0A5152F1278AB99700281301 /* LandmarkList.swift */ = {isa = PBXFileReference; lastKnownFileType = sourcecode.swift; path = LandmarkList.swift; sourceTree = "<group>"; };
		0A5152F3278ACFC500281301 /* LandmarkDetail.swift */ = {isa = PBXFileReference; lastKnownFileType = sourcecode.swift; path = LandmarkDetail.swift; sourceTree = "<group>"; };
		0A5152F5278AE2E800281301 /* FavoriteButton.swift */ = {isa = PBXFileReference; lastKnownFileType = sourcecode.swift; path = FavoriteButton.swift; sourceTree = "<group>"; };
		0A6AE62E278D6D9E00A58725 /* WatchLandmarks.app */ = {isa = PBXFileReference; explicitFileType = wrapper.application; includeInIndex = 0; path = WatchLandmarks.app; sourceTree = BUILT_PRODUCTS_DIR; };
		0A6AE636278D6D9E00A58725 /* WatchLandmarks WatchKit Extension.appex */ = {isa = PBXFileReference; explicitFileType = "wrapper.app-extension"; includeInIndex = 0; path = "WatchLandmarks WatchKit Extension.appex"; sourceTree = BUILT_PRODUCTS_DIR; };
		0A6AE63D278D6D9E00A58725 /* ContentView.swift */ = {isa = PBXFileReference; lastKnownFileType = sourcecode.swift; path = ContentView.swift; sourceTree = "<group>"; };
		0A6AE63F278D6D9E00A58725 /* NotificationController.swift */ = {isa = PBXFileReference; lastKnownFileType = sourcecode.swift; path = NotificationController.swift; sourceTree = "<group>"; };
		0A6AE641278D6D9E00A58725 /* NotificationView.swift */ = {isa = PBXFileReference; lastKnownFileType = sourcecode.swift; path = NotificationView.swift; sourceTree = "<group>"; };
		0A6AE643278D6D9E00A58725 /* ComplicationController.swift */ = {isa = PBXFileReference; lastKnownFileType = sourcecode.swift; path = ComplicationController.swift; sourceTree = "<group>"; };
		0A6AE645278D6D9F00A58725 /* Assets.xcassets */ = {isa = PBXFileReference; lastKnownFileType = folder.assetcatalog; path = Assets.xcassets; sourceTree = "<group>"; };
		0A6AE648278D6D9F00A58725 /* Preview Assets.xcassets */ = {isa = PBXFileReference; lastKnownFileType = folder.assetcatalog; path = "Preview Assets.xcassets"; sourceTree = "<group>"; };
		0A6AE64A278D6D9F00A58725 /* Info.plist */ = {isa = PBXFileReference; lastKnownFileType = text.plist.xml; path = Info.plist; sourceTree = "<group>"; };
		0A6AE64B278D6D9F00A58725 /* PushNotificationPayload.apns */ = {isa = PBXFileReference; lastKnownFileType = text; path = PushNotificationPayload.apns; sourceTree = "<group>"; };
		0A6AE650278D6D9F00A58725 /* WatchLandmarksTests.xctest */ = {isa = PBXFileReference; explicitFileType = wrapper.cfbundle; includeInIndex = 0; path = WatchLandmarksTests.xctest; sourceTree = BUILT_PRODUCTS_DIR; };
		0A6AE654278D6D9F00A58725 /* WatchLandmarksTests.swift */ = {isa = PBXFileReference; lastKnownFileType = sourcecode.swift; path = WatchLandmarksTests.swift; sourceTree = "<group>"; };
		0A6AE65A278D6D9F00A58725 /* WatchLandmarksUITests.xctest */ = {isa = PBXFileReference; explicitFileType = wrapper.cfbundle; includeInIndex = 0; path = WatchLandmarksUITests.xctest; sourceTree = BUILT_PRODUCTS_DIR; };
		0A6AE65E278D6D9F00A58725 /* WatchLandmarksUITests.swift */ = {isa = PBXFileReference; lastKnownFileType = sourcecode.swift; path = WatchLandmarksUITests.swift; sourceTree = "<group>"; };
		0A6AE660278D6D9F00A58725 /* WatchLandmarksUITestsLaunchTests.swift */ = {isa = PBXFileReference; lastKnownFileType = sourcecode.swift; path = WatchLandmarksUITestsLaunchTests.swift; sourceTree = "<group>"; };
		0A6AE698278D6F4800A58725 /* Assets.xcassets */ = {isa = PBXFileReference; lastKnownFileType = folder.assetcatalog; path = Assets.xcassets; sourceTree = "<group>"; };
		0A6AE69A278D6FA000A58725 /* LandmarkDetail.swift */ = {isa = PBXFileReference; lastKnownFileType = sourcecode.swift; path = LandmarkDetail.swift; sourceTree = "<group>"; };
		0A6AE6A3278D7CE600A58725 /* MacLandmarks.app */ = {isa = PBXFileReference; explicitFileType = wrapper.application; includeInIndex = 0; path = MacLandmarks.app; sourceTree = BUILT_PRODUCTS_DIR; };
		0A6AE6A7278D7CE600A58725 /* ContentView.swift */ = {isa = PBXFileReference; lastKnownFileType = sourcecode.swift; path = ContentView.swift; sourceTree = "<group>"; };
		0A6AE6A9278D7CE700A58725 /* Assets.xcassets */ = {isa = PBXFileReference; lastKnownFileType = folder.assetcatalog; path = Assets.xcassets; sourceTree = "<group>"; };
		0A6AE6AC278D7CE700A58725 /* Preview Assets.xcassets */ = {isa = PBXFileReference; lastKnownFileType = folder.assetcatalog; path = "Preview Assets.xcassets"; sourceTree = "<group>"; };
		0A6AE6AE278D7CE700A58725 /* MacLandmarks.entitlements */ = {isa = PBXFileReference; lastKnownFileType = text.plist.entitlements; path = MacLandmarks.entitlements; sourceTree = "<group>"; };
		0A6AE6B3278D7CE700A58725 /* MacLandmarksTests.xctest */ = {isa = PBXFileReference; explicitFileType = wrapper.cfbundle; includeInIndex = 0; path = MacLandmarksTests.xctest; sourceTree = BUILT_PRODUCTS_DIR; };
		0A6AE6B7278D7CE700A58725 /* MacLandmarksTests.swift */ = {isa = PBXFileReference; lastKnownFileType = sourcecode.swift; path = MacLandmarksTests.swift; sourceTree = "<group>"; };
		0A6AE6BD278D7CE700A58725 /* MacLandmarksUITests.xctest */ = {isa = PBXFileReference; explicitFileType = wrapper.cfbundle; includeInIndex = 0; path = MacLandmarksUITests.xctest; sourceTree = BUILT_PRODUCTS_DIR; };
		0A6AE6C1278D7CE700A58725 /* MacLandmarksUITests.swift */ = {isa = PBXFileReference; lastKnownFileType = sourcecode.swift; path = MacLandmarksUITests.swift; sourceTree = "<group>"; };
		0A6AE6C3278D7CE700A58725 /* MacLandmarksUITestsLaunchTests.swift */ = {isa = PBXFileReference; lastKnownFileType = sourcecode.swift; path = MacLandmarksUITestsLaunchTests.swift; sourceTree = "<group>"; };
		0A6AE6DE278D7E9B00A58725 /* LandmarkDetail.swift */ = {isa = PBXFileReference; lastKnownFileType = sourcecode.swift; path = LandmarkDetail.swift; sourceTree = "<group>"; };
		0A84DCFA278B7D6800C97439 /* HexagonParameters.swift */ = {isa = PBXFileReference; lastKnownFileType = sourcecode.swift; path = HexagonParameters.swift; sourceTree = "<group>"; };
		0A84DCFD278B8AFA00C97439 /* BadgeBackground.swift */ = {isa = PBXFileReference; lastKnownFileType = sourcecode.swift; path = BadgeBackground.swift; sourceTree = "<group>"; };
		0A84DCFF278B8E6C00C97439 /* BadgeSymbol.swift */ = {isa = PBXFileReference; lastKnownFileType = sourcecode.swift; path = BadgeSymbol.swift; sourceTree = "<group>"; };
		0A84DD01278B985800C97439 /* Badge.swift */ = {isa = PBXFileReference; lastKnownFileType = sourcecode.swift; path = Badge.swift; sourceTree = "<group>"; };
		0A84DD03278B9D5A00C97439 /* RotatedBadgeSymbol.swift */ = {isa = PBXFileReference; fileEncoding = 4; lastKnownFileType = sourcecode.swift; path = RotatedBadgeSymbol.swift; sourceTree = "<group>"; };
		0AFBA46B278D5C12008DED19 /* Profile.swift */ = {isa = PBXFileReference; lastKnownFileType = sourcecode.swift; path = Profile.swift; sourceTree = "<group>"; };
		0AFBA46E278D5D01008DED19 /* ProfileHost.swift */ = {isa = PBXFileReference; lastKnownFileType = sourcecode.swift; path = ProfileHost.swift; sourceTree = "<group>"; };
		0AFBA470278D5D69008DED19 /* ProfileSummary.swift */ = {isa = PBXFileReference; lastKnownFileType = sourcecode.swift; path = ProfileSummary.swift; sourceTree = "<group>"; };
		0AFBA472278D5DFF008DED19 /* HikeBadge.swift */ = {isa = PBXFileReference; lastKnownFileType = sourcecode.swift; path = HikeBadge.swift; sourceTree = "<group>"; };
		0AFBA474278D5EB4008DED19 /* ProfileEditor.swift */ = {isa = PBXFileReference; lastKnownFileType = sourcecode.swift; path = ProfileEditor.swift; sourceTree = "<group>"; };
/* End PBXFileReference section */

/* Begin PBXFrameworksBuildPhase section */
		0A5152AD278AA74000281301 /* Frameworks */ = {
			isa = PBXFrameworksBuildPhase;
			buildActionMask = 2147483647;
			files = (
			);
			runOnlyForDeploymentPostprocessing = 0;
		};
		0A5152BD278AA74100281301 /* Frameworks */ = {
			isa = PBXFrameworksBuildPhase;
			buildActionMask = 2147483647;
			files = (
			);
			runOnlyForDeploymentPostprocessing = 0;
		};
		0A5152C7278AA74100281301 /* Frameworks */ = {
			isa = PBXFrameworksBuildPhase;
			buildActionMask = 2147483647;
			files = (
			);
			runOnlyForDeploymentPostprocessing = 0;
		};
		0A6AE633278D6D9E00A58725 /* Frameworks */ = {
			isa = PBXFrameworksBuildPhase;
			buildActionMask = 2147483647;
			files = (
			);
			runOnlyForDeploymentPostprocessing = 0;
		};
		0A6AE64D278D6D9F00A58725 /* Frameworks */ = {
			isa = PBXFrameworksBuildPhase;
			buildActionMask = 2147483647;
			files = (
			);
			runOnlyForDeploymentPostprocessing = 0;
		};
		0A6AE657278D6D9F00A58725 /* Frameworks */ = {
			isa = PBXFrameworksBuildPhase;
			buildActionMask = 2147483647;
			files = (
			);
			runOnlyForDeploymentPostprocessing = 0;
		};
		0A6AE6A0278D7CE600A58725 /* Frameworks */ = {
			isa = PBXFrameworksBuildPhase;
			buildActionMask = 2147483647;
			files = (
			);
			runOnlyForDeploymentPostprocessing = 0;
		};
		0A6AE6B0278D7CE700A58725 /* Frameworks */ = {
			isa = PBXFrameworksBuildPhase;
			buildActionMask = 2147483647;
			files = (
			);
			runOnlyForDeploymentPostprocessing = 0;
		};
		0A6AE6BA278D7CE700A58725 /* Frameworks */ = {
			isa = PBXFrameworksBuildPhase;
			buildActionMask = 2147483647;
			files = (
			);
			runOnlyForDeploymentPostprocessing = 0;
		};
/* End PBXFrameworksBuildPhase section */

/* Begin PBXGroup section */
		0A0464FA278BAB5200215F88 /* Hikes */ = {
			isa = PBXGroup;
			children = (
				0A0464FC278BAE3400215F88 /* GraphCapsule.swift */,
				0A0464FD278BAE3400215F88 /* HikeDetail.swift */,
				0A0464FB278BAE3400215F88 /* HikeGraph.swift */,
				0A0464F8278BAAED00215F88 /* HikeView.swift */,
			);
			path = Hikes;
			sourceTree = "<group>";
		};
		0A046505278BCB1700215F88 /* Categories */ = {
			isa = PBXGroup;
			children = (
				0A046501278BBB1B00215F88 /* CategoryHome.swift */,
				0A046503278BC9B500215F88 /* CategoryRow.swift */,
				0A046506278BCC0900215F88 /* CategoryItem.swift */,
				0A339BF2278C0F7A000B2019 /* FeaturedView.swift */,
			);
			path = Categories;
			sourceTree = "<group>";
		};
		0A293039278FDFB70012AA1A /* PageView */ = {
			isa = PBXGroup;
			children = (
				0A29303A278FDFB70012AA1A /* FeatureCard.swift */,
				0A29303B278FDFB70012AA1A /* PageControl.swift */,
				0A29303C278FDFB70012AA1A /* PageViewController.swift */,
				0A29303D278FDFB70012AA1A /* PageView.swift */,
			);
			path = PageView;
			sourceTree = "<group>";
		};
		0A5152A7278AA74000281301 = {
			isa = PBXGroup;
			children = (
				0A5152B2278AA74000281301 /* Landmarks */,
				0A5152C3278AA74100281301 /* LandmarksTests */,
				0A5152CD278AA74100281301 /* LandmarksUITests */,
				0A6AE62F278D6D9E00A58725 /* WatchLandmarks */,
				0A6AE63A278D6D9E00A58725 /* WatchLandmarks WatchKit Extension */,
				0A6AE653278D6D9F00A58725 /* WatchLandmarksTests */,
				0A6AE65D278D6D9F00A58725 /* WatchLandmarksUITests */,
				0A6AE6A4278D7CE600A58725 /* MacLandmarks */,
				0A6AE6B6278D7CE700A58725 /* MacLandmarksTests */,
				0A6AE6C0278D7CE700A58725 /* MacLandmarksUITests */,
				0A5152B1278AA74000281301 /* Products */,
			);
			sourceTree = "<group>";
		};
		0A5152B1278AA74000281301 /* Products */ = {
			isa = PBXGroup;
			children = (
				0A5152B0278AA74000281301 /* Landmarks.app */,
				0A5152C0278AA74100281301 /* LandmarksTests.xctest */,
				0A5152CA278AA74100281301 /* LandmarksUITests.xctest */,
				0A6AE62E278D6D9E00A58725 /* WatchLandmarks.app */,
				0A6AE636278D6D9E00A58725 /* WatchLandmarks WatchKit Extension.appex */,
				0A6AE650278D6D9F00A58725 /* WatchLandmarksTests.xctest */,
				0A6AE65A278D6D9F00A58725 /* WatchLandmarksUITests.xctest */,
				0A6AE6A3278D7CE600A58725 /* MacLandmarks.app */,
				0A6AE6B3278D7CE700A58725 /* MacLandmarksTests.xctest */,
				0A6AE6BD278D7CE700A58725 /* MacLandmarksUITests.xctest */,
			);
			name = Products;
			sourceTree = "<group>";
		};
		0A5152B2278AA74000281301 /* Landmarks */ = {
			isa = PBXGroup;
			children = (
				0A5152B3278AA74000281301 /* LandmarksApp.swift */,
				0A5152EB278AB43A00281301 /* Views */,
				0A5152EC278AB44B00281301 /* Resources */,
				0A5152EA278AB42300281301 /* Model */,
				0A5152B7278AA74100281301 /* Assets.xcassets */,
				0A5152B9278AA74100281301 /* Preview Content */,
			);
			path = Landmarks;
			sourceTree = "<group>";
		};
		0A5152B9278AA74100281301 /* Preview Content */ = {
			isa = PBXGroup;
			children = (
				0A5152BA278AA74100281301 /* Preview Assets.xcassets */,
			);
			path = "Preview Content";
			sourceTree = "<group>";
		};
		0A5152C3278AA74100281301 /* LandmarksTests */ = {
			isa = PBXGroup;
			children = (
				0A5152C4278AA74100281301 /* LandmarksTests.swift */,
			);
			path = LandmarksTests;
			sourceTree = "<group>";
		};
		0A5152CD278AA74100281301 /* LandmarksUITests */ = {
			isa = PBXGroup;
			children = (
				0A5152CE278AA74100281301 /* LandmarksUITests.swift */,
				0A5152D0278AA74100281301 /* LandmarksUITestsLaunchTests.swift */,
			);
			path = LandmarksUITests;
			sourceTree = "<group>";
		};
		0A5152EA278AB42300281301 /* Model */ = {
			isa = PBXGroup;
			children = (
				0A5152E7278AB33F00281301 /* ModelData.swift */,
				0A5152E5278AB00500281301 /* Landmark.swift */,
				0A0464F6278BAA9A00215F88 /* Hike.swift */,
				0AFBA46B278D5C12008DED19 /* Profile.swift */,
			);
			path = Model;
			sourceTree = "<group>";
		};
		0A5152EB278AB43A00281301 /* Views */ = {
			isa = PBXGroup;
			children = (
				0A5152B5278AA74000281301 /* ContentView.swift */,
				0A046505278BCB1700215F88 /* Categories */,
				0A5152F7278AE34500281301 /* Helpers */,
				0A5152F8278AE35300281301 /* Landmarks */,
				0A293039278FDFB70012AA1A /* PageView */,
				0A84DCFC278B85A500C97439 /* Badges */,
				0A0464FA278BAB5200215F88 /* Hikes */,
				0AFBA46D278D5C44008DED19 /* Profiles */,
			);
			path = Views;
			sourceTree = "<group>";
		};
		0A5152EC278AB44B00281301 /* Resources */ = {
			isa = PBXGroup;
			children = (
				0A0464F4278BA26800215F88 /* hikeData.json */,
				0A5152E3278AAFED00281301 /* landmarkData.json */,
			);
			path = Resources;
			sourceTree = "<group>";
		};
		0A5152F7278AE34500281301 /* Helpers */ = {
			isa = PBXGroup;
			children = (
				0A5152DD278AAAA900281301 /* CircleImage.swift */,
				0A5152DF278AABBE00281301 /* MapView.swift */,
				0A5152F5278AE2E800281301 /* FavoriteButton.swift */,
			);
			path = Helpers;
			sourceTree = "<group>";
		};
		0A5152F8278AE35300281301 /* Landmarks */ = {
			isa = PBXGroup;
			children = (
				0A5152EF278AB55B00281301 /* LandmarkRow.swift */,
				0A5152F1278AB99700281301 /* LandmarkList.swift */,
				0A5152F3278ACFC500281301 /* LandmarkDetail.swift */,
			);
			path = Landmarks;
			sourceTree = "<group>";
		};
		0A6AE62F278D6D9E00A58725 /* WatchLandmarks */ = {
			isa = PBXGroup;
			children = (
				0A6AE698278D6F4800A58725 /* Assets.xcassets */,
			);
			path = WatchLandmarks;
			sourceTree = "<group>";
		};
		0A6AE63A278D6D9E00A58725 /* WatchLandmarks WatchKit Extension */ = {
			isa = PBXGroup;
			children = (
				0A6AE69C278D7C4600A58725 /* Views */,
				0A6AE69D278D7C5600A58725 /* Notifications */,
				0A6AE69E278D7C6700A58725 /* Complications */,
				0A6AE645278D6D9F00A58725 /* Assets.xcassets */,
				0A6AE64A278D6D9F00A58725 /* Info.plist */,
				0A6AE647278D6D9F00A58725 /* Preview Content */,
			);
			path = "WatchLandmarks WatchKit Extension";
			sourceTree = "<group>";
		};
		0A6AE647278D6D9F00A58725 /* Preview Content */ = {
			isa = PBXGroup;
			children = (
				0A6AE648278D6D9F00A58725 /* Preview Assets.xcassets */,
			);
			path = "Preview Content";
			sourceTree = "<group>";
		};
		0A6AE653278D6D9F00A58725 /* WatchLandmarksTests */ = {
			isa = PBXGroup;
			children = (
				0A6AE654278D6D9F00A58725 /* WatchLandmarksTests.swift */,
			);
			path = WatchLandmarksTests;
			sourceTree = "<group>";
		};
		0A6AE65D278D6D9F00A58725 /* WatchLandmarksUITests */ = {
			isa = PBXGroup;
			children = (
				0A6AE65E278D6D9F00A58725 /* WatchLandmarksUITests.swift */,
				0A6AE660278D6D9F00A58725 /* WatchLandmarksUITestsLaunchTests.swift */,
			);
			path = WatchLandmarksUITests;
			sourceTree = "<group>";
		};
		0A6AE69C278D7C4600A58725 /* Views */ = {
			isa = PBXGroup;
			children = (
				0A6AE63D278D6D9E00A58725 /* ContentView.swift */,
				0A293028278F9D5D0012AA1A /* LandmarkList.swift */,
				0A6AE69A278D6FA000A58725 /* LandmarkDetail.swift */,
			);
			path = Views;
			sourceTree = "<group>";
		};
		0A6AE69D278D7C5600A58725 /* Notifications */ = {
			isa = PBXGroup;
			children = (
				0A6AE63F278D6D9E00A58725 /* NotificationController.swift */,
				0A6AE641278D6D9E00A58725 /* NotificationView.swift */,
				0A6AE64B278D6D9F00A58725 /* PushNotificationPayload.apns */,
			);
			path = Notifications;
			sourceTree = "<group>";
		};
		0A6AE69E278D7C6700A58725 /* Complications */ = {
			isa = PBXGroup;
			children = (
				0A6AE643278D6D9E00A58725 /* ComplicationController.swift */,
			);
			path = Complications;
			sourceTree = "<group>";
		};
		0A6AE6A4278D7CE600A58725 /* MacLandmarks */ = {
			isa = PBXGroup;
			children = (
				0A6AE6A7278D7CE600A58725 /* ContentView.swift */,
				0A6AE6DE278D7E9B00A58725 /* LandmarkDetail.swift */,
				0A29302A278FA63F0012AA1A /* LandmarkCommands.swift */,
				0A29302D278FA71F0012AA1A /* LandmarkSettings.swift */,
				0A6AE6A9278D7CE700A58725 /* Assets.xcassets */,
				0A6AE6AE278D7CE700A58725 /* MacLandmarks.entitlements */,
				0A6AE6AB278D7CE700A58725 /* Preview Content */,
			);
			path = MacLandmarks;
			sourceTree = "<group>";
		};
		0A6AE6AB278D7CE700A58725 /* Preview Content */ = {
			isa = PBXGroup;
			children = (
				0A6AE6AC278D7CE700A58725 /* Preview Assets.xcassets */,
			);
			path = "Preview Content";
			sourceTree = "<group>";
		};
		0A6AE6B6278D7CE700A58725 /* MacLandmarksTests */ = {
			isa = PBXGroup;
			children = (
				0A6AE6B7278D7CE700A58725 /* MacLandmarksTests.swift */,
			);
			path = MacLandmarksTests;
			sourceTree = "<group>";
		};
		0A6AE6C0278D7CE700A58725 /* MacLandmarksUITests */ = {
			isa = PBXGroup;
			children = (
				0A6AE6C1278D7CE700A58725 /* MacLandmarksUITests.swift */,
				0A6AE6C3278D7CE700A58725 /* MacLandmarksUITestsLaunchTests.swift */,
			);
			path = MacLandmarksUITests;
			sourceTree = "<group>";
		};
		0A84DCFC278B85A500C97439 /* Badges */ = {
			isa = PBXGroup;
			children = (
				0AFBA472278D5DFF008DED19 /* HikeBadge.swift */,
				0A84DCFA278B7D6800C97439 /* HexagonParameters.swift */,
				0A84DCFD278B8AFA00C97439 /* BadgeBackground.swift */,
				0A84DCFF278B8E6C00C97439 /* BadgeSymbol.swift */,
				0A84DD01278B985800C97439 /* Badge.swift */,
				0A84DD03278B9D5A00C97439 /* RotatedBadgeSymbol.swift */,
			);
			path = Badges;
			sourceTree = "<group>";
		};
		0AFBA46D278D5C44008DED19 /* Profiles */ = {
			isa = PBXGroup;
			children = (
				0AFBA46E278D5D01008DED19 /* ProfileHost.swift */,
				0AFBA470278D5D69008DED19 /* ProfileSummary.swift */,
				0AFBA474278D5EB4008DED19 /* ProfileEditor.swift */,
			);
			path = Profiles;
			sourceTree = "<group>";
		};
/* End PBXGroup section */

/* Begin PBXNativeTarget section */
		0A5152AF278AA74000281301 /* Landmarks */ = {
			isa = PBXNativeTarget;
			buildConfigurationList = 0A5152D4278AA74100281301 /* Build configuration list for PBXNativeTarget "Landmarks" */;
			buildPhases = (
				0A5152AC278AA74000281301 /* Sources */,
				0A5152AD278AA74000281301 /* Frameworks */,
				0A5152AE278AA74000281301 /* Resources */,
				0A6AE66C278D6D9F00A58725 /* Embed Watch Content */,
			);
			buildRules = (
			);
			dependencies = (
				0A6AE663278D6D9F00A58725 /* PBXTargetDependency */,
			);
			name = Landmarks;
			productName = Landmarks;
			productReference = 0A5152B0278AA74000281301 /* Landmarks.app */;
			productType = "com.apple.product-type.application";
		};
		0A5152BF278AA74100281301 /* LandmarksTests */ = {
			isa = PBXNativeTarget;
			buildConfigurationList = 0A5152D7278AA74100281301 /* Build configuration list for PBXNativeTarget "LandmarksTests" */;
			buildPhases = (
				0A5152BC278AA74100281301 /* Sources */,
				0A5152BD278AA74100281301 /* Frameworks */,
				0A5152BE278AA74100281301 /* Resources */,
			);
			buildRules = (
			);
			dependencies = (
				0A5152C2278AA74100281301 /* PBXTargetDependency */,
			);
			name = LandmarksTests;
			productName = LandmarksTests;
			productReference = 0A5152C0278AA74100281301 /* LandmarksTests.xctest */;
			productType = "com.apple.product-type.bundle.unit-test";
		};
		0A5152C9278AA74100281301 /* LandmarksUITests */ = {
			isa = PBXNativeTarget;
			buildConfigurationList = 0A5152DA278AA74100281301 /* Build configuration list for PBXNativeTarget "LandmarksUITests" */;
			buildPhases = (
				0A5152C6278AA74100281301 /* Sources */,
				0A5152C7278AA74100281301 /* Frameworks */,
				0A5152C8278AA74100281301 /* Resources */,
			);
			buildRules = (
			);
			dependencies = (
				0A5152CC278AA74100281301 /* PBXTargetDependency */,
			);
			name = LandmarksUITests;
			productName = LandmarksUITests;
			productReference = 0A5152CA278AA74100281301 /* LandmarksUITests.xctest */;
			productType = "com.apple.product-type.bundle.ui-testing";
		};
		0A6AE62D278D6D9E00A58725 /* WatchLandmarks */ = {
			isa = PBXNativeTarget;
			buildConfigurationList = 0A6AE669278D6D9F00A58725 /* Build configuration list for PBXNativeTarget "WatchLandmarks" */;
			buildPhases = (
				0A6AE62C278D6D9E00A58725 /* Resources */,
				0A6AE668278D6D9F00A58725 /* Embed App Extensions */,
			);
			buildRules = (
			);
			dependencies = (
				0A6AE639278D6D9E00A58725 /* PBXTargetDependency */,
			);
			name = WatchLandmarks;
			productName = WatchLandmarks;
			productReference = 0A6AE62E278D6D9E00A58725 /* WatchLandmarks.app */;
			productType = "com.apple.product-type.application.watchapp2";
		};
		0A6AE635278D6D9E00A58725 /* WatchLandmarks WatchKit Extension */ = {
			isa = PBXNativeTarget;
			buildConfigurationList = 0A6AE665278D6D9F00A58725 /* Build configuration list for PBXNativeTarget "WatchLandmarks WatchKit Extension" */;
			buildPhases = (
				0A6AE632278D6D9E00A58725 /* Sources */,
				0A6AE633278D6D9E00A58725 /* Frameworks */,
				0A6AE634278D6D9E00A58725 /* Resources */,
			);
			buildRules = (
			);
			dependencies = (
			);
			name = "WatchLandmarks WatchKit Extension";
			productName = "WatchLandmarks WatchKit Extension";
			productReference = 0A6AE636278D6D9E00A58725 /* WatchLandmarks WatchKit Extension.appex */;
			productType = "com.apple.product-type.watchkit2-extension";
		};
		0A6AE64F278D6D9F00A58725 /* WatchLandmarksTests */ = {
			isa = PBXNativeTarget;
			buildConfigurationList = 0A6AE66D278D6D9F00A58725 /* Build configuration list for PBXNativeTarget "WatchLandmarksTests" */;
			buildPhases = (
				0A6AE64C278D6D9F00A58725 /* Sources */,
				0A6AE64D278D6D9F00A58725 /* Frameworks */,
				0A6AE64E278D6D9F00A58725 /* Resources */,
			);
			buildRules = (
			);
			dependencies = (
				0A6AE652278D6D9F00A58725 /* PBXTargetDependency */,
			);
			name = WatchLandmarksTests;
			productName = WatchLandmarksTests;
			productReference = 0A6AE650278D6D9F00A58725 /* WatchLandmarksTests.xctest */;
			productType = "com.apple.product-type.bundle.unit-test";
		};
		0A6AE659278D6D9F00A58725 /* WatchLandmarksUITests */ = {
			isa = PBXNativeTarget;
			buildConfigurationList = 0A6AE670278D6D9F00A58725 /* Build configuration list for PBXNativeTarget "WatchLandmarksUITests" */;
			buildPhases = (
				0A6AE656278D6D9F00A58725 /* Sources */,
				0A6AE657278D6D9F00A58725 /* Frameworks */,
				0A6AE658278D6D9F00A58725 /* Resources */,
			);
			buildRules = (
			);
			dependencies = (
				0A6AE65C278D6D9F00A58725 /* PBXTargetDependency */,
			);
			name = WatchLandmarksUITests;
			productName = WatchLandmarksUITests;
			productReference = 0A6AE65A278D6D9F00A58725 /* WatchLandmarksUITests.xctest */;
			productType = "com.apple.product-type.bundle.ui-testing";
		};
		0A6AE6A2278D7CE600A58725 /* MacLandmarks */ = {
			isa = PBXNativeTarget;
			buildConfigurationList = 0A6AE6C5278D7CE700A58725 /* Build configuration list for PBXNativeTarget "MacLandmarks" */;
			buildPhases = (
				0A6AE69F278D7CE600A58725 /* Sources */,
				0A6AE6A0278D7CE600A58725 /* Frameworks */,
				0A6AE6A1278D7CE600A58725 /* Resources */,
			);
			buildRules = (
			);
			dependencies = (
			);
			name = MacLandmarks;
			productName = MacLandmarks;
			productReference = 0A6AE6A3278D7CE600A58725 /* MacLandmarks.app */;
			productType = "com.apple.product-type.application";
		};
		0A6AE6B2278D7CE700A58725 /* MacLandmarksTests */ = {
			isa = PBXNativeTarget;
			buildConfigurationList = 0A6AE6C8278D7CE700A58725 /* Build configuration list for PBXNativeTarget "MacLandmarksTests" */;
			buildPhases = (
				0A6AE6AF278D7CE700A58725 /* Sources */,
				0A6AE6B0278D7CE700A58725 /* Frameworks */,
				0A6AE6B1278D7CE700A58725 /* Resources */,
			);
			buildRules = (
			);
			dependencies = (
				0A6AE6B5278D7CE700A58725 /* PBXTargetDependency */,
			);
			name = MacLandmarksTests;
			productName = MacLandmarksTests;
			productReference = 0A6AE6B3278D7CE700A58725 /* MacLandmarksTests.xctest */;
			productType = "com.apple.product-type.bundle.unit-test";
		};
		0A6AE6BC278D7CE700A58725 /* MacLandmarksUITests */ = {
			isa = PBXNativeTarget;
			buildConfigurationList = 0A6AE6CB278D7CE700A58725 /* Build configuration list for PBXNativeTarget "MacLandmarksUITests" */;
			buildPhases = (
				0A6AE6B9278D7CE700A58725 /* Sources */,
				0A6AE6BA278D7CE700A58725 /* Frameworks */,
				0A6AE6BB278D7CE700A58725 /* Resources */,
			);
			buildRules = (
			);
			dependencies = (
				0A6AE6BF278D7CE700A58725 /* PBXTargetDependency */,
			);
			name = MacLandmarksUITests;
			productName = MacLandmarksUITests;
			productReference = 0A6AE6BD278D7CE700A58725 /* MacLandmarksUITests.xctest */;
			productType = "com.apple.product-type.bundle.ui-testing";
		};
/* End PBXNativeTarget section */

/* Begin PBXProject section */
		0A5152A8278AA74000281301 /* Project object */ = {
			isa = PBXProject;
			attributes = {
				BuildIndependentTargetsInParallel = 1;
				LastSwiftUpdateCheck = 1320;
				LastUpgradeCheck = 1320;
				TargetAttributes = {
					0A5152AF278AA74000281301 = {
						CreatedOnToolsVersion = 13.2.1;
					};
					0A5152BF278AA74100281301 = {
						CreatedOnToolsVersion = 13.2.1;
						TestTargetID = 0A5152AF278AA74000281301;
					};
					0A5152C9278AA74100281301 = {
						CreatedOnToolsVersion = 13.2.1;
						TestTargetID = 0A5152AF278AA74000281301;
					};
					0A6AE62D278D6D9E00A58725 = {
						CreatedOnToolsVersion = 13.2.1;
					};
					0A6AE635278D6D9E00A58725 = {
						CreatedOnToolsVersion = 13.2.1;
					};
					0A6AE64F278D6D9F00A58725 = {
						CreatedOnToolsVersion = 13.2.1;
						TestTargetID = 0A6AE635278D6D9E00A58725;
					};
					0A6AE659278D6D9F00A58725 = {
						CreatedOnToolsVersion = 13.2.1;
						TestTargetID = 0A6AE62D278D6D9E00A58725;
					};
					0A6AE6A2278D7CE600A58725 = {
						CreatedOnToolsVersion = 13.2.1;
					};
					0A6AE6B2278D7CE700A58725 = {
						CreatedOnToolsVersion = 13.2.1;
						TestTargetID = 0A6AE6A2278D7CE600A58725;
					};
					0A6AE6BC278D7CE700A58725 = {
						CreatedOnToolsVersion = 13.2.1;
						TestTargetID = 0A6AE6A2278D7CE600A58725;
					};
				};
			};
			buildConfigurationList = 0A5152AB278AA74000281301 /* Build configuration list for PBXProject "Landmarks" */;
			compatibilityVersion = "Xcode 13.0";
			developmentRegion = en;
			hasScannedForEncodings = 0;
			knownRegions = (
				en,
				Base,
			);
			mainGroup = 0A5152A7278AA74000281301;
			productRefGroup = 0A5152B1278AA74000281301 /* Products */;
			projectDirPath = "";
			projectRoot = "";
			targets = (
				0A5152AF278AA74000281301 /* Landmarks */,
				0A5152BF278AA74100281301 /* LandmarksTests */,
				0A5152C9278AA74100281301 /* LandmarksUITests */,
				0A6AE62D278D6D9E00A58725 /* WatchLandmarks */,
				0A6AE635278D6D9E00A58725 /* WatchLandmarks WatchKit Extension */,
				0A6AE64F278D6D9F00A58725 /* WatchLandmarksTests */,
				0A6AE659278D6D9F00A58725 /* WatchLandmarksUITests */,
				0A6AE6A2278D7CE600A58725 /* MacLandmarks */,
				0A6AE6B2278D7CE700A58725 /* MacLandmarksTests */,
				0A6AE6BC278D7CE700A58725 /* MacLandmarksUITests */,
			);
		};
/* End PBXProject section */

/* Begin PBXResourcesBuildPhase section */
		0A5152AE278AA74000281301 /* Resources */ = {
			isa = PBXResourcesBuildPhase;
			buildActionMask = 2147483647;
			files = (
				0A0464F5278BA26800215F88 /* hikeData.json in Resources */,
				0A5152BB278AA74100281301 /* Preview Assets.xcassets in Resources */,
				0A5152B8278AA74100281301 /* Assets.xcassets in Resources */,
				0A5152E4278AAFED00281301 /* landmarkData.json in Resources */,
			);
			runOnlyForDeploymentPostprocessing = 0;
		};
		0A5152BE278AA74100281301 /* Resources */ = {
			isa = PBXResourcesBuildPhase;
			buildActionMask = 2147483647;
			files = (
			);
			runOnlyForDeploymentPostprocessing = 0;
		};
		0A5152C8278AA74100281301 /* Resources */ = {
			isa = PBXResourcesBuildPhase;
			buildActionMask = 2147483647;
			files = (
			);
			runOnlyForDeploymentPostprocessing = 0;
		};
		0A6AE62C278D6D9E00A58725 /* Resources */ = {
			isa = PBXResourcesBuildPhase;
			buildActionMask = 2147483647;
			files = (
				0A6AE699278D6F4800A58725 /* Assets.xcassets in Resources */,
			);
			runOnlyForDeploymentPostprocessing = 0;
		};
		0A6AE634278D6D9E00A58725 /* Resources */ = {
			isa = PBXResourcesBuildPhase;
			buildActionMask = 2147483647;
			files = (
				0A6AE67B278D6EF700A58725 /* hikeData.json in Resources */,
				0A6AE649278D6D9F00A58725 /* Preview Assets.xcassets in Resources */,
				0A6AE646278D6D9F00A58725 /* Assets.xcassets in Resources */,
				0A6AE679278D6EF700A58725 /* landmarkData.json in Resources */,
				0A6AE67D278D6EF700A58725 /* Assets.xcassets in Resources */,
			);
			runOnlyForDeploymentPostprocessing = 0;
		};
		0A6AE64E278D6D9F00A58725 /* Resources */ = {
			isa = PBXResourcesBuildPhase;
			buildActionMask = 2147483647;
			files = (
			);
			runOnlyForDeploymentPostprocessing = 0;
		};
		0A6AE658278D6D9F00A58725 /* Resources */ = {
			isa = PBXResourcesBuildPhase;
			buildActionMask = 2147483647;
			files = (
			);
			runOnlyForDeploymentPostprocessing = 0;
		};
		0A6AE6A1278D7CE600A58725 /* Resources */ = {
			isa = PBXResourcesBuildPhase;
			buildActionMask = 2147483647;
			files = (
				0A6AE6AD278D7CE700A58725 /* Preview Assets.xcassets in Resources */,
				0A6AE6D3278D7DCF00A58725 /* landmarkData.json in Resources */,
				0A6AE6D2278D7DCF00A58725 /* hikeData.json in Resources */,
				0A6AE6AA278D7CE700A58725 /* Assets.xcassets in Resources */,
				0A6AE6D5278D7DCF00A58725 /* Assets.xcassets in Resources */,
			);
			runOnlyForDeploymentPostprocessing = 0;
		};
		0A6AE6B1278D7CE700A58725 /* Resources */ = {
			isa = PBXResourcesBuildPhase;
			buildActionMask = 2147483647;
			files = (
			);
			runOnlyForDeploymentPostprocessing = 0;
		};
		0A6AE6BB278D7CE700A58725 /* Resources */ = {
			isa = PBXResourcesBuildPhase;
			buildActionMask = 2147483647;
			files = (
			);
			runOnlyForDeploymentPostprocessing = 0;
		};
/* End PBXResourcesBuildPhase section */

/* Begin PBXSourcesBuildPhase section */
		0A5152AC278AA74000281301 /* Sources */ = {
			isa = PBXSourcesBuildPhase;
			buildActionMask = 2147483647;
			files = (
				0A046504278BC9B500215F88 /* CategoryRow.swift in Sources */,
				0A29302F278FA7440012AA1A /* LandmarkSettings.swift in Sources */,
				0A5152B6278AA74000281301 /* ContentView.swift in Sources */,
				0A29303F278FDFB70012AA1A /* PageControl.swift in Sources */,
				0A293041278FDFB70012AA1A /* PageView.swift in Sources */,
				0A046502278BBB1B00215F88 /* CategoryHome.swift in Sources */,
				0A0464FE278BAE3400215F88 /* HikeGraph.swift in Sources */,
				0A5152E0278AABBE00281301 /* MapView.swift in Sources */,
				0AFBA46F278D5D01008DED19 /* ProfileHost.swift in Sources */,
				0AFBA473278D5DFF008DED19 /* HikeBadge.swift in Sources */,
				0A5152B4278AA74000281301 /* LandmarksApp.swift in Sources */,
				0A29303E278FDFB70012AA1A /* FeatureCard.swift in Sources */,
				0A5152F6278AE2E800281301 /* FavoriteButton.swift in Sources */,
				0A84DCFB278B7D6800C97439 /* HexagonParameters.swift in Sources */,
				0A0464F9278BAAED00215F88 /* HikeView.swift in Sources */,
				0A046507278BCC0900215F88 /* CategoryItem.swift in Sources */,
				0AFBA471278D5D69008DED19 /* ProfileSummary.swift in Sources */,
				0AFBA475278D5EB4008DED19 /* ProfileEditor.swift in Sources */,
				0A84DD00278B8E6C00C97439 /* BadgeSymbol.swift in Sources */,
				0A0464F7278BAA9A00215F88 /* Hike.swift in Sources */,
				0A5152F2278AB99700281301 /* LandmarkList.swift in Sources */,
				0A84DD02278B985800C97439 /* Badge.swift in Sources */,
				0A84DD04278B9D5A00C97439 /* RotatedBadgeSymbol.swift in Sources */,
				0A5152F4278ACFC500281301 /* LandmarkDetail.swift in Sources */,
				0AFBA46C278D5C12008DED19 /* Profile.swift in Sources */,
				0A339BF3278C0F7A000B2019 /* FeaturedView.swift in Sources */,
				0A84DCFE278B8AFA00C97439 /* BadgeBackground.swift in Sources */,
				0A29302C278FA6540012AA1A /* LandmarkCommands.swift in Sources */,
				0A5152DE278AAAA900281301 /* CircleImage.swift in Sources */,
				0A5152E6278AB00500281301 /* Landmark.swift in Sources */,
				0A293040278FDFB70012AA1A /* PageViewController.swift in Sources */,
				0A5152F0278AB55B00281301 /* LandmarkRow.swift in Sources */,
				0A0464FF278BAE3400215F88 /* GraphCapsule.swift in Sources */,
				0A5152E8278AB33F00281301 /* ModelData.swift in Sources */,
				0A046500278BAE3400215F88 /* HikeDetail.swift in Sources */,
			);
			runOnlyForDeploymentPostprocessing = 0;
		};
		0A5152BC278AA74100281301 /* Sources */ = {
			isa = PBXSourcesBuildPhase;
			buildActionMask = 2147483647;
			files = (
				0A5152C5278AA74100281301 /* LandmarksTests.swift in Sources */,
			);
			runOnlyForDeploymentPostprocessing = 0;
		};
		0A5152C6278AA74100281301 /* Sources */ = {
			isa = PBXSourcesBuildPhase;
			buildActionMask = 2147483647;
			files = (
				0A5152D1278AA74100281301 /* LandmarksUITestsLaunchTests.swift in Sources */,
				0A5152CF278AA74100281301 /* LandmarksUITests.swift in Sources */,
			);
			runOnlyForDeploymentPostprocessing = 0;
		};
		0A6AE632278D6D9E00A58725 /* Sources */ = {
			isa = PBXSourcesBuildPhase;
			buildActionMask = 2147483647;
			files = (
				0A6AE640278D6D9E00A58725 /* NotificationController.swift in Sources */,
				0A6AE67E278D6EF700A58725 /* LandmarkRow.swift in Sources */,
				0A6AE67A278D6EF700A58725 /* Landmark.swift in Sources */,
				0A293029278F9D5D0012AA1A /* LandmarkList.swift in Sources */,
				0A6AE673278D6EF700A58725 /* Profile.swift in Sources */,
				0A6AE675278D6EF700A58725 /* CircleImage.swift in Sources */,
				0A6AE69B278D6FA000A58725 /* LandmarkDetail.swift in Sources */,
				0A6AE67C278D6EF700A58725 /* ModelData.swift in Sources */,
				0A6AE677278D6EF700A58725 /* LandmarksApp.swift in Sources */,
				0A6AE63E278D6D9E00A58725 /* ContentView.swift in Sources */,
				0A6AE644278D6D9E00A58725 /* ComplicationController.swift in Sources */,
				0A6AE678278D6EF700A58725 /* MapView.swift in Sources */,
				0A6AE676278D6EF700A58725 /* Hike.swift in Sources */,
				0A6AE642278D6D9E00A58725 /* NotificationView.swift in Sources */,
			);
			runOnlyForDeploymentPostprocessing = 0;
		};
		0A6AE64C278D6D9F00A58725 /* Sources */ = {
			isa = PBXSourcesBuildPhase;
			buildActionMask = 2147483647;
			files = (
				0A6AE655278D6D9F00A58725 /* WatchLandmarksTests.swift in Sources */,
			);
			runOnlyForDeploymentPostprocessing = 0;
		};
		0A6AE656278D6D9F00A58725 /* Sources */ = {
			isa = PBXSourcesBuildPhase;
			buildActionMask = 2147483647;
			files = (
				0A6AE661278D6D9F00A58725 /* WatchLandmarksUITestsLaunchTests.swift in Sources */,
				0A6AE65F278D6D9F00A58725 /* WatchLandmarksUITests.swift in Sources */,
			);
			runOnlyForDeploymentPostprocessing = 0;
		};
		0A6AE69F278D7CE600A58725 /* Sources */ = {
			isa = PBXSourcesBuildPhase;
			buildActionMask = 2147483647;
			files = (
				0A6AE6A8278D7CE600A58725 /* ContentView.swift in Sources */,
				0A6AE6D9278D7DCF00A58725 /* Profile.swift in Sources */,
				0A29302E278FA71F0012AA1A /* LandmarkSettings.swift in Sources */,
				0A6AE6D7278D7DCF00A58725 /* MapView.swift in Sources */,
				0A6AE6CE278D7D3300A58725 /* LandmarksApp.swift in Sources */,
				0A29302B278FA63F0012AA1A /* LandmarkCommands.swift in Sources */,
				0A6AE6DF278D7E9B00A58725 /* LandmarkDetail.swift in Sources */,
				0A6AE6DA278D7DCF00A58725 /* Hike.swift in Sources */,
				0A6AE6CF278D7D4F00A58725 /* ModelData.swift in Sources */,
				0A6AE6D6278D7DCF00A58725 /* FavoriteButton.swift in Sources */,
				0A6AE6D1278D7DCF00A58725 /* CircleImage.swift in Sources */,
				0A6AE6DD278D7E8F00A58725 /* LandmarkRow.swift in Sources */,
				0A6AE6D4278D7DCF00A58725 /* Landmark.swift in Sources */,
				0A6AE6DC278D7E8F00A58725 /* LandmarkList.swift in Sources */,
			);
			runOnlyForDeploymentPostprocessing = 0;
		};
		0A6AE6AF278D7CE700A58725 /* Sources */ = {
			isa = PBXSourcesBuildPhase;
			buildActionMask = 2147483647;
			files = (
				0A6AE6B8278D7CE700A58725 /* MacLandmarksTests.swift in Sources */,
			);
			runOnlyForDeploymentPostprocessing = 0;
		};
		0A6AE6B9278D7CE700A58725 /* Sources */ = {
			isa = PBXSourcesBuildPhase;
			buildActionMask = 2147483647;
			files = (
				0A6AE6C4278D7CE700A58725 /* MacLandmarksUITestsLaunchTests.swift in Sources */,
				0A6AE6C2278D7CE700A58725 /* MacLandmarksUITests.swift in Sources */,
			);
			runOnlyForDeploymentPostprocessing = 0;
		};
/* End PBXSourcesBuildPhase section */

/* Begin PBXTargetDependency section */
		0A5152C2278AA74100281301 /* PBXTargetDependency */ = {
			isa = PBXTargetDependency;
			target = 0A5152AF278AA74000281301 /* Landmarks */;
			targetProxy = 0A5152C1278AA74100281301 /* PBXContainerItemProxy */;
		};
		0A5152CC278AA74100281301 /* PBXTargetDependency */ = {
			isa = PBXTargetDependency;
			target = 0A5152AF278AA74000281301 /* Landmarks */;
			targetProxy = 0A5152CB278AA74100281301 /* PBXContainerItemProxy */;
		};
		0A6AE639278D6D9E00A58725 /* PBXTargetDependency */ = {
			isa = PBXTargetDependency;
			target = 0A6AE635278D6D9E00A58725 /* WatchLandmarks WatchKit Extension */;
			targetProxy = 0A6AE638278D6D9E00A58725 /* PBXContainerItemProxy */;
		};
		0A6AE652278D6D9F00A58725 /* PBXTargetDependency */ = {
			isa = PBXTargetDependency;
			target = 0A6AE635278D6D9E00A58725 /* WatchLandmarks WatchKit Extension */;
			targetProxy = 0A6AE651278D6D9F00A58725 /* PBXContainerItemProxy */;
		};
		0A6AE65C278D6D9F00A58725 /* PBXTargetDependency */ = {
			isa = PBXTargetDependency;
			target = 0A6AE62D278D6D9E00A58725 /* WatchLandmarks */;
			targetProxy = 0A6AE65B278D6D9F00A58725 /* PBXContainerItemProxy */;
		};
		0A6AE663278D6D9F00A58725 /* PBXTargetDependency */ = {
			isa = PBXTargetDependency;
			target = 0A6AE62D278D6D9E00A58725 /* WatchLandmarks */;
			targetProxy = 0A6AE662278D6D9F00A58725 /* PBXContainerItemProxy */;
		};
		0A6AE6B5278D7CE700A58725 /* PBXTargetDependency */ = {
			isa = PBXTargetDependency;
			target = 0A6AE6A2278D7CE600A58725 /* MacLandmarks */;
			targetProxy = 0A6AE6B4278D7CE700A58725 /* PBXContainerItemProxy */;
		};
		0A6AE6BF278D7CE700A58725 /* PBXTargetDependency */ = {
			isa = PBXTargetDependency;
			target = 0A6AE6A2278D7CE600A58725 /* MacLandmarks */;
			targetProxy = 0A6AE6BE278D7CE700A58725 /* PBXContainerItemProxy */;
		};
/* End PBXTargetDependency section */

/* Begin XCBuildConfiguration section */
		0A5152D2278AA74100281301 /* Debug */ = {
			isa = XCBuildConfiguration;
			buildSettings = {
				ALWAYS_SEARCH_USER_PATHS = NO;
				CLANG_ANALYZER_NONNULL = YES;
				CLANG_ANALYZER_NUMBER_OBJECT_CONVERSION = YES_AGGRESSIVE;
				CLANG_CXX_LANGUAGE_STANDARD = "gnu++17";
				CLANG_CXX_LIBRARY = "libc++";
				CLANG_ENABLE_MODULES = YES;
				CLANG_ENABLE_OBJC_ARC = YES;
				CLANG_ENABLE_OBJC_WEAK = YES;
				CLANG_WARN_BLOCK_CAPTURE_AUTORELEASING = YES;
				CLANG_WARN_BOOL_CONVERSION = YES;
				CLANG_WARN_COMMA = YES;
				CLANG_WARN_CONSTANT_CONVERSION = YES;
				CLANG_WARN_DEPRECATED_OBJC_IMPLEMENTATIONS = YES;
				CLANG_WARN_DIRECT_OBJC_ISA_USAGE = YES_ERROR;
				CLANG_WARN_DOCUMENTATION_COMMENTS = YES;
				CLANG_WARN_EMPTY_BODY = YES;
				CLANG_WARN_ENUM_CONVERSION = YES;
				CLANG_WARN_INFINITE_RECURSION = YES;
				CLANG_WARN_INT_CONVERSION = YES;
				CLANG_WARN_NON_LITERAL_NULL_CONVERSION = YES;
				CLANG_WARN_OBJC_IMPLICIT_RETAIN_SELF = YES;
				CLANG_WARN_OBJC_LITERAL_CONVERSION = YES;
				CLANG_WARN_OBJC_ROOT_CLASS = YES_ERROR;
				CLANG_WARN_QUOTED_INCLUDE_IN_FRAMEWORK_HEADER = YES;
				CLANG_WARN_RANGE_LOOP_ANALYSIS = YES;
				CLANG_WARN_STRICT_PROTOTYPES = YES;
				CLANG_WARN_SUSPICIOUS_MOVE = YES;
				CLANG_WARN_UNGUARDED_AVAILABILITY = YES_AGGRESSIVE;
				CLANG_WARN_UNREACHABLE_CODE = YES;
				CLANG_WARN__DUPLICATE_METHOD_MATCH = YES;
				COPY_PHASE_STRIP = NO;
				DEBUG_INFORMATION_FORMAT = dwarf;
				ENABLE_STRICT_OBJC_MSGSEND = YES;
				ENABLE_TESTABILITY = YES;
				GCC_C_LANGUAGE_STANDARD = gnu11;
				GCC_DYNAMIC_NO_PIC = NO;
				GCC_NO_COMMON_BLOCKS = YES;
				GCC_OPTIMIZATION_LEVEL = 0;
				GCC_PREPROCESSOR_DEFINITIONS = (
					"DEBUG=1",
					"$(inherited)",
				);
				GCC_WARN_64_TO_32_BIT_CONVERSION = YES;
				GCC_WARN_ABOUT_RETURN_TYPE = YES_ERROR;
				GCC_WARN_UNDECLARED_SELECTOR = YES;
				GCC_WARN_UNINITIALIZED_AUTOS = YES_AGGRESSIVE;
				GCC_WARN_UNUSED_FUNCTION = YES;
				GCC_WARN_UNUSED_VARIABLE = YES;
				IPHONEOS_DEPLOYMENT_TARGET = 15.2;
				MTL_ENABLE_DEBUG_INFO = INCLUDE_SOURCE;
				MTL_FAST_MATH = YES;
				ONLY_ACTIVE_ARCH = YES;
				SDKROOT = iphoneos;
				SWIFT_ACTIVE_COMPILATION_CONDITIONS = DEBUG;
				SWIFT_OPTIMIZATION_LEVEL = "-Onone";
			};
			name = Debug;
		};
		0A5152D3278AA74100281301 /* Release */ = {
			isa = XCBuildConfiguration;
			buildSettings = {
				ALWAYS_SEARCH_USER_PATHS = NO;
				CLANG_ANALYZER_NONNULL = YES;
				CLANG_ANALYZER_NUMBER_OBJECT_CONVERSION = YES_AGGRESSIVE;
				CLANG_CXX_LANGUAGE_STANDARD = "gnu++17";
				CLANG_CXX_LIBRARY = "libc++";
				CLANG_ENABLE_MODULES = YES;
				CLANG_ENABLE_OBJC_ARC = YES;
				CLANG_ENABLE_OBJC_WEAK = YES;
				CLANG_WARN_BLOCK_CAPTURE_AUTORELEASING = YES;
				CLANG_WARN_BOOL_CONVERSION = YES;
				CLANG_WARN_COMMA = YES;
				CLANG_WARN_CONSTANT_CONVERSION = YES;
				CLANG_WARN_DEPRECATED_OBJC_IMPLEMENTATIONS = YES;
				CLANG_WARN_DIRECT_OBJC_ISA_USAGE = YES_ERROR;
				CLANG_WARN_DOCUMENTATION_COMMENTS = YES;
				CLANG_WARN_EMPTY_BODY = YES;
				CLANG_WARN_ENUM_CONVERSION = YES;
				CLANG_WARN_INFINITE_RECURSION = YES;
				CLANG_WARN_INT_CONVERSION = YES;
				CLANG_WARN_NON_LITERAL_NULL_CONVERSION = YES;
				CLANG_WARN_OBJC_IMPLICIT_RETAIN_SELF = YES;
				CLANG_WARN_OBJC_LITERAL_CONVERSION = YES;
				CLANG_WARN_OBJC_ROOT_CLASS = YES_ERROR;
				CLANG_WARN_QUOTED_INCLUDE_IN_FRAMEWORK_HEADER = YES;
				CLANG_WARN_RANGE_LOOP_ANALYSIS = YES;
				CLANG_WARN_STRICT_PROTOTYPES = YES;
				CLANG_WARN_SUSPICIOUS_MOVE = YES;
				CLANG_WARN_UNGUARDED_AVAILABILITY = YES_AGGRESSIVE;
				CLANG_WARN_UNREACHABLE_CODE = YES;
				CLANG_WARN__DUPLICATE_METHOD_MATCH = YES;
				COPY_PHASE_STRIP = NO;
				DEBUG_INFORMATION_FORMAT = "dwarf-with-dsym";
				ENABLE_NS_ASSERTIONS = NO;
				ENABLE_STRICT_OBJC_MSGSEND = YES;
				GCC_C_LANGUAGE_STANDARD = gnu11;
				GCC_NO_COMMON_BLOCKS = YES;
				GCC_WARN_64_TO_32_BIT_CONVERSION = YES;
				GCC_WARN_ABOUT_RETURN_TYPE = YES_ERROR;
				GCC_WARN_UNDECLARED_SELECTOR = YES;
				GCC_WARN_UNINITIALIZED_AUTOS = YES_AGGRESSIVE;
				GCC_WARN_UNUSED_FUNCTION = YES;
				GCC_WARN_UNUSED_VARIABLE = YES;
				IPHONEOS_DEPLOYMENT_TARGET = 15.2;
				MTL_ENABLE_DEBUG_INFO = NO;
				MTL_FAST_MATH = YES;
				SDKROOT = iphoneos;
				SWIFT_COMPILATION_MODE = wholemodule;
				SWIFT_OPTIMIZATION_LEVEL = "-O";
				VALIDATE_PRODUCT = YES;
			};
			name = Release;
		};
		0A5152D5278AA74100281301 /* Debug */ = {
			isa = XCBuildConfiguration;
			buildSettings = {
				ASSETCATALOG_COMPILER_APPICON_NAME = AppIcon;
				ASSETCATALOG_COMPILER_GLOBAL_ACCENT_COLOR_NAME = AccentColor;
				CODE_SIGN_STYLE = Automatic;
				CURRENT_PROJECT_VERSION = 1;
				DEVELOPMENT_ASSET_PATHS = "\"Landmarks/Preview Content\"";
				DEVELOPMENT_TEAM = DR789XTL34;
				ENABLE_PREVIEWS = YES;
				GENERATE_INFOPLIST_FILE = YES;
				INFOPLIST_KEY_UIApplicationSceneManifest_Generation = YES;
				INFOPLIST_KEY_UIApplicationSupportsIndirectInputEvents = YES;
				INFOPLIST_KEY_UILaunchScreen_Generation = YES;
				INFOPLIST_KEY_UISupportedInterfaceOrientations_iPad = "UIInterfaceOrientationPortrait UIInterfaceOrientationPortraitUpsideDown UIInterfaceOrientationLandscapeLeft UIInterfaceOrientationLandscapeRight";
				INFOPLIST_KEY_UISupportedInterfaceOrientations_iPhone = "UIInterfaceOrientationPortrait UIInterfaceOrientationLandscapeLeft UIInterfaceOrientationLandscapeRight";
				LD_RUNPATH_SEARCH_PATHS = (
					"$(inherited)",
					"@executable_path/Frameworks",
				);
				MARKETING_VERSION = 1.0;
				PRODUCT_BUNDLE_IDENTIFIER = daniel.Landmarks;
				PRODUCT_NAME = "$(TARGET_NAME)";
				SWIFT_EMIT_LOC_STRINGS = YES;
				SWIFT_VERSION = 5.0;
				TARGETED_DEVICE_FAMILY = "1,2";
			};
			name = Debug;
		};
		0A5152D6278AA74100281301 /* Release */ = {
			isa = XCBuildConfiguration;
			buildSettings = {
				ASSETCATALOG_COMPILER_APPICON_NAME = AppIcon;
				ASSETCATALOG_COMPILER_GLOBAL_ACCENT_COLOR_NAME = AccentColor;
				CODE_SIGN_STYLE = Automatic;
				CURRENT_PROJECT_VERSION = 1;
				DEVELOPMENT_ASSET_PATHS = "\"Landmarks/Preview Content\"";
				DEVELOPMENT_TEAM = DR789XTL34;
				ENABLE_PREVIEWS = YES;
				GENERATE_INFOPLIST_FILE = YES;
				INFOPLIST_KEY_UIApplicationSceneManifest_Generation = YES;
				INFOPLIST_KEY_UIApplicationSupportsIndirectInputEvents = YES;
				INFOPLIST_KEY_UILaunchScreen_Generation = YES;
				INFOPLIST_KEY_UISupportedInterfaceOrientations_iPad = "UIInterfaceOrientationPortrait UIInterfaceOrientationPortraitUpsideDown UIInterfaceOrientationLandscapeLeft UIInterfaceOrientationLandscapeRight";
				INFOPLIST_KEY_UISupportedInterfaceOrientations_iPhone = "UIInterfaceOrientationPortrait UIInterfaceOrientationLandscapeLeft UIInterfaceOrientationLandscapeRight";
				LD_RUNPATH_SEARCH_PATHS = (
					"$(inherited)",
					"@executable_path/Frameworks",
				);
				MARKETING_VERSION = 1.0;
				PRODUCT_BUNDLE_IDENTIFIER = daniel.Landmarks;
				PRODUCT_NAME = "$(TARGET_NAME)";
				SWIFT_EMIT_LOC_STRINGS = YES;
				SWIFT_VERSION = 5.0;
				TARGETED_DEVICE_FAMILY = "1,2";
			};
			name = Release;
		};
		0A5152D8278AA74100281301 /* Debug */ = {
			isa = XCBuildConfiguration;
			buildSettings = {
				ALWAYS_EMBED_SWIFT_STANDARD_LIBRARIES = YES;
				BUNDLE_LOADER = "$(TEST_HOST)";
				CODE_SIGN_STYLE = Automatic;
				CURRENT_PROJECT_VERSION = 1;
				DEVELOPMENT_TEAM = DR789XTL34;
				GENERATE_INFOPLIST_FILE = YES;
				IPHONEOS_DEPLOYMENT_TARGET = 15.2;
				MARKETING_VERSION = 1.0;
				PRODUCT_BUNDLE_IDENTIFIER = daniel.LandmarksTests;
				PRODUCT_NAME = "$(TARGET_NAME)";
				SWIFT_EMIT_LOC_STRINGS = NO;
				SWIFT_VERSION = 5.0;
				TARGETED_DEVICE_FAMILY = "1,2";
				TEST_HOST = "$(BUILT_PRODUCTS_DIR)/Landmarks.app/Landmarks";
			};
			name = Debug;
		};
		0A5152D9278AA74100281301 /* Release */ = {
			isa = XCBuildConfiguration;
			buildSettings = {
				ALWAYS_EMBED_SWIFT_STANDARD_LIBRARIES = YES;
				BUNDLE_LOADER = "$(TEST_HOST)";
				CODE_SIGN_STYLE = Automatic;
				CURRENT_PROJECT_VERSION = 1;
				DEVELOPMENT_TEAM = DR789XTL34;
				GENERATE_INFOPLIST_FILE = YES;
				IPHONEOS_DEPLOYMENT_TARGET = 15.2;
				MARKETING_VERSION = 1.0;
				PRODUCT_BUNDLE_IDENTIFIER = daniel.LandmarksTests;
				PRODUCT_NAME = "$(TARGET_NAME)";
				SWIFT_EMIT_LOC_STRINGS = NO;
				SWIFT_VERSION = 5.0;
				TARGETED_DEVICE_FAMILY = "1,2";
				TEST_HOST = "$(BUILT_PRODUCTS_DIR)/Landmarks.app/Landmarks";
			};
			name = Release;
		};
		0A5152DB278AA74100281301 /* Debug */ = {
			isa = XCBuildConfiguration;
			buildSettings = {
				ALWAYS_EMBED_SWIFT_STANDARD_LIBRARIES = YES;
				CODE_SIGN_STYLE = Automatic;
				CURRENT_PROJECT_VERSION = 1;
				DEVELOPMENT_TEAM = DR789XTL34;
				GENERATE_INFOPLIST_FILE = YES;
				MARKETING_VERSION = 1.0;
				PRODUCT_BUNDLE_IDENTIFIER = daniel.LandmarksUITests;
				PRODUCT_NAME = "$(TARGET_NAME)";
				SWIFT_EMIT_LOC_STRINGS = NO;
				SWIFT_VERSION = 5.0;
				TARGETED_DEVICE_FAMILY = "1,2";
				TEST_TARGET_NAME = Landmarks;
			};
			name = Debug;
		};
		0A5152DC278AA74100281301 /* Release */ = {
			isa = XCBuildConfiguration;
			buildSettings = {
				ALWAYS_EMBED_SWIFT_STANDARD_LIBRARIES = YES;
				CODE_SIGN_STYLE = Automatic;
				CURRENT_PROJECT_VERSION = 1;
				DEVELOPMENT_TEAM = DR789XTL34;
				GENERATE_INFOPLIST_FILE = YES;
				MARKETING_VERSION = 1.0;
				PRODUCT_BUNDLE_IDENTIFIER = daniel.LandmarksUITests;
				PRODUCT_NAME = "$(TARGET_NAME)";
				SWIFT_EMIT_LOC_STRINGS = NO;
				SWIFT_VERSION = 5.0;
				TARGETED_DEVICE_FAMILY = "1,2";
				TEST_TARGET_NAME = Landmarks;
			};
			name = Release;
		};
		0A6AE666278D6D9F00A58725 /* Debug */ = {
			isa = XCBuildConfiguration;
			buildSettings = {
				ASSETCATALOG_COMPILER_COMPLICATION_NAME = Complication;
				CODE_SIGN_STYLE = Automatic;
				CURRENT_PROJECT_VERSION = 1;
				DEVELOPMENT_ASSET_PATHS = "\"WatchLandmarks WatchKit Extension/Preview Content\"";
				DEVELOPMENT_TEAM = DR789XTL34;
				ENABLE_PREVIEWS = YES;
				GENERATE_INFOPLIST_FILE = YES;
				INFOPLIST_FILE = "WatchLandmarks WatchKit Extension/Info.plist";
				INFOPLIST_KEY_CFBundleDisplayName = "WatchLandmarks WatchKit Extension";
				INFOPLIST_KEY_CLKComplicationPrincipalClass = "$(PRODUCT_MODULE_NAME).ComplicationController";
				INFOPLIST_KEY_NSHumanReadableCopyright = "";
				LD_RUNPATH_SEARCH_PATHS = (
					"$(inherited)",
					"@executable_path/Frameworks",
					"@executable_path/../../Frameworks",
				);
				MARKETING_VERSION = 1.0;
				PRODUCT_BUNDLE_IDENTIFIER = daniel.Landmarks.watchkitapp.watchkitextension;
				PRODUCT_NAME = "${TARGET_NAME}";
				SDKROOT = watchos;
				SKIP_INSTALL = YES;
				SWIFT_EMIT_LOC_STRINGS = YES;
				SWIFT_VERSION = 5.0;
				TARGETED_DEVICE_FAMILY = 4;
				WATCHOS_DEPLOYMENT_TARGET = 8.3;
			};
			name = Debug;
		};
		0A6AE667278D6D9F00A58725 /* Release */ = {
			isa = XCBuildConfiguration;
			buildSettings = {
				ASSETCATALOG_COMPILER_COMPLICATION_NAME = Complication;
				CODE_SIGN_STYLE = Automatic;
				CURRENT_PROJECT_VERSION = 1;
				DEVELOPMENT_ASSET_PATHS = "\"WatchLandmarks WatchKit Extension/Preview Content\"";
				DEVELOPMENT_TEAM = DR789XTL34;
				ENABLE_PREVIEWS = YES;
				GENERATE_INFOPLIST_FILE = YES;
				INFOPLIST_FILE = "WatchLandmarks WatchKit Extension/Info.plist";
				INFOPLIST_KEY_CFBundleDisplayName = "WatchLandmarks WatchKit Extension";
				INFOPLIST_KEY_CLKComplicationPrincipalClass = "$(PRODUCT_MODULE_NAME).ComplicationController";
				INFOPLIST_KEY_NSHumanReadableCopyright = "";
				LD_RUNPATH_SEARCH_PATHS = (
					"$(inherited)",
					"@executable_path/Frameworks",
					"@executable_path/../../Frameworks",
				);
				MARKETING_VERSION = 1.0;
				PRODUCT_BUNDLE_IDENTIFIER = daniel.Landmarks.watchkitapp.watchkitextension;
				PRODUCT_NAME = "${TARGET_NAME}";
				SDKROOT = watchos;
				SKIP_INSTALL = YES;
				SWIFT_EMIT_LOC_STRINGS = YES;
				SWIFT_VERSION = 5.0;
				TARGETED_DEVICE_FAMILY = 4;
				WATCHOS_DEPLOYMENT_TARGET = 8.3;
			};
			name = Release;
		};
		0A6AE66A278D6D9F00A58725 /* Debug */ = {
			isa = XCBuildConfiguration;
			buildSettings = {
				ALWAYS_EMBED_SWIFT_STANDARD_LIBRARIES = YES;
				ASSETCATALOG_COMPILER_APPICON_NAME = AppIcon;
				ASSETCATALOG_COMPILER_GLOBAL_ACCENT_COLOR_NAME = AccentColor;
				CODE_SIGN_STYLE = Automatic;
				CURRENT_PROJECT_VERSION = 1;
				DEVELOPMENT_TEAM = DR789XTL34;
				GENERATE_INFOPLIST_FILE = YES;
				IBSC_MODULE = WatchLandmarks_WatchKit_Extension;
				INFOPLIST_KEY_CFBundleDisplayName = WatchLandmarks;
				INFOPLIST_KEY_UISupportedInterfaceOrientations = "UIInterfaceOrientationPortrait UIInterfaceOrientationPortraitUpsideDown";
				INFOPLIST_KEY_WKCompanionAppBundleIdentifier = daniel.Landmarks;
				MARKETING_VERSION = 1.0;
				PRODUCT_BUNDLE_IDENTIFIER = daniel.Landmarks.watchkitapp;
				PRODUCT_NAME = "$(TARGET_NAME)";
				SDKROOT = watchos;
				SKIP_INSTALL = YES;
				SWIFT_EMIT_LOC_STRINGS = YES;
				SWIFT_VERSION = 5.0;
				TARGETED_DEVICE_FAMILY = 4;
				WATCHOS_DEPLOYMENT_TARGET = 8.3;
			};
			name = Debug;
		};
		0A6AE66B278D6D9F00A58725 /* Release */ = {
			isa = XCBuildConfiguration;
			buildSettings = {
				ALWAYS_EMBED_SWIFT_STANDARD_LIBRARIES = YES;
				ASSETCATALOG_COMPILER_APPICON_NAME = AppIcon;
				ASSETCATALOG_COMPILER_GLOBAL_ACCENT_COLOR_NAME = AccentColor;
				CODE_SIGN_STYLE = Automatic;
				CURRENT_PROJECT_VERSION = 1;
				DEVELOPMENT_TEAM = DR789XTL34;
				GENERATE_INFOPLIST_FILE = YES;
				IBSC_MODULE = WatchLandmarks_WatchKit_Extension;
				INFOPLIST_KEY_CFBundleDisplayName = WatchLandmarks;
				INFOPLIST_KEY_UISupportedInterfaceOrientations = "UIInterfaceOrientationPortrait UIInterfaceOrientationPortraitUpsideDown";
				INFOPLIST_KEY_WKCompanionAppBundleIdentifier = daniel.Landmarks;
				MARKETING_VERSION = 1.0;
				PRODUCT_BUNDLE_IDENTIFIER = daniel.Landmarks.watchkitapp;
				PRODUCT_NAME = "$(TARGET_NAME)";
				SDKROOT = watchos;
				SKIP_INSTALL = YES;
				SWIFT_EMIT_LOC_STRINGS = YES;
				SWIFT_VERSION = 5.0;
				TARGETED_DEVICE_FAMILY = 4;
				WATCHOS_DEPLOYMENT_TARGET = 8.3;
			};
			name = Release;
		};
		0A6AE66E278D6D9F00A58725 /* Debug */ = {
			isa = XCBuildConfiguration;
			buildSettings = {
				ALWAYS_EMBED_SWIFT_STANDARD_LIBRARIES = YES;
				BUNDLE_LOADER = "$(TEST_HOST)";
				CODE_SIGN_STYLE = Automatic;
				CURRENT_PROJECT_VERSION = 1;
				DEVELOPMENT_TEAM = DR789XTL34;
				GENERATE_INFOPLIST_FILE = YES;
				MARKETING_VERSION = 1.0;
				PRODUCT_BUNDLE_IDENTIFIER = daniel.Landmarks.WatchLandmarksTests;
				PRODUCT_NAME = "$(TARGET_NAME)";
				SDKROOT = watchos;
				SWIFT_EMIT_LOC_STRINGS = NO;
				SWIFT_VERSION = 5.0;
				TARGETED_DEVICE_FAMILY = 4;
				TEST_HOST = "$(BUILT_PRODUCTS_DIR)/WatchLandmarks WatchKit Extension.appex/WatchLandmarks WatchKit Extension";
				WATCHOS_DEPLOYMENT_TARGET = 8.3;
			};
			name = Debug;
		};
		0A6AE66F278D6D9F00A58725 /* Release */ = {
			isa = XCBuildConfiguration;
			buildSettings = {
				ALWAYS_EMBED_SWIFT_STANDARD_LIBRARIES = YES;
				BUNDLE_LOADER = "$(TEST_HOST)";
				CODE_SIGN_STYLE = Automatic;
				CURRENT_PROJECT_VERSION = 1;
				DEVELOPMENT_TEAM = DR789XTL34;
				GENERATE_INFOPLIST_FILE = YES;
				MARKETING_VERSION = 1.0;
				PRODUCT_BUNDLE_IDENTIFIER = daniel.Landmarks.WatchLandmarksTests;
				PRODUCT_NAME = "$(TARGET_NAME)";
				SDKROOT = watchos;
				SWIFT_EMIT_LOC_STRINGS = NO;
				SWIFT_VERSION = 5.0;
				TARGETED_DEVICE_FAMILY = 4;
				TEST_HOST = "$(BUILT_PRODUCTS_DIR)/WatchLandmarks WatchKit Extension.appex/WatchLandmarks WatchKit Extension";
				WATCHOS_DEPLOYMENT_TARGET = 8.3;
			};
			name = Release;
		};
		0A6AE671278D6D9F00A58725 /* Debug */ = {
			isa = XCBuildConfiguration;
			buildSettings = {
				CODE_SIGN_STYLE = Automatic;
				CURRENT_PROJECT_VERSION = 1;
				DEVELOPMENT_TEAM = DR789XTL34;
				GENERATE_INFOPLIST_FILE = YES;
				MARKETING_VERSION = 1.0;
				PRODUCT_BUNDLE_IDENTIFIER = daniel.Landmarks.WatchLandmarksUITests;
				PRODUCT_NAME = "$(TARGET_NAME)";
				SDKROOT = watchos;
				SWIFT_EMIT_LOC_STRINGS = NO;
				SWIFT_VERSION = 5.0;
				TARGETED_DEVICE_FAMILY = 4;
				TEST_TARGET_NAME = WatchLandmarks;
				WATCHOS_DEPLOYMENT_TARGET = 8.3;
			};
			name = Debug;
		};
		0A6AE672278D6D9F00A58725 /* Release */ = {
			isa = XCBuildConfiguration;
			buildSettings = {
				CODE_SIGN_STYLE = Automatic;
				CURRENT_PROJECT_VERSION = 1;
				DEVELOPMENT_TEAM = DR789XTL34;
				GENERATE_INFOPLIST_FILE = YES;
				MARKETING_VERSION = 1.0;
				PRODUCT_BUNDLE_IDENTIFIER = daniel.Landmarks.WatchLandmarksUITests;
				PRODUCT_NAME = "$(TARGET_NAME)";
				SDKROOT = watchos;
				SWIFT_EMIT_LOC_STRINGS = NO;
				SWIFT_VERSION = 5.0;
				TARGETED_DEVICE_FAMILY = 4;
				TEST_TARGET_NAME = WatchLandmarks;
				WATCHOS_DEPLOYMENT_TARGET = 8.3;
			};
			name = Release;
		};
		0A6AE6C6278D7CE700A58725 /* Debug */ = {
			isa = XCBuildConfiguration;
			buildSettings = {
				ASSETCATALOG_COMPILER_APPICON_NAME = AppIcon;
				ASSETCATALOG_COMPILER_GLOBAL_ACCENT_COLOR_NAME = AccentColor;
				CODE_SIGN_ENTITLEMENTS = MacLandmarks/MacLandmarks.entitlements;
				CODE_SIGN_STYLE = Automatic;
				COMBINE_HIDPI_IMAGES = YES;
				CURRENT_PROJECT_VERSION = 1;
				DEVELOPMENT_ASSET_PATHS = "\"MacLandmarks/Preview Content\"";
				DEVELOPMENT_TEAM = DR789XTL34;
				ENABLE_HARDENED_RUNTIME = YES;
				ENABLE_PREVIEWS = YES;
				GENERATE_INFOPLIST_FILE = YES;
				INFOPLIST_KEY_NSHumanReadableCopyright = "";
				LD_RUNPATH_SEARCH_PATHS = (
					"$(inherited)",
					"@executable_path/../Frameworks",
				);
				MACOSX_DEPLOYMENT_TARGET = 12.1;
				MARKETING_VERSION = 1.0;
				PRODUCT_BUNDLE_IDENTIFIER = daniel.MacLandmarks;
				PRODUCT_NAME = "$(TARGET_NAME)";
				SDKROOT = macosx;
				SWIFT_EMIT_LOC_STRINGS = YES;
				SWIFT_VERSION = 5.0;
			};
			name = Debug;
		};
		0A6AE6C7278D7CE700A58725 /* Release */ = {
			isa = XCBuildConfiguration;
			buildSettings = {
				ASSETCATALOG_COMPILER_APPICON_NAME = AppIcon;
				ASSETCATALOG_COMPILER_GLOBAL_ACCENT_COLOR_NAME = AccentColor;
				CODE_SIGN_ENTITLEMENTS = MacLandmarks/MacLandmarks.entitlements;
				CODE_SIGN_STYLE = Automatic;
				COMBINE_HIDPI_IMAGES = YES;
				CURRENT_PROJECT_VERSION = 1;
				DEVELOPMENT_ASSET_PATHS = "\"MacLandmarks/Preview Content\"";
				DEVELOPMENT_TEAM = DR789XTL34;
				ENABLE_HARDENED_RUNTIME = YES;
				ENABLE_PREVIEWS = YES;
				GENERATE_INFOPLIST_FILE = YES;
				INFOPLIST_KEY_NSHumanReadableCopyright = "";
				LD_RUNPATH_SEARCH_PATHS = (
					"$(inherited)",
					"@executable_path/../Frameworks",
				);
				MACOSX_DEPLOYMENT_TARGET = 12.1;
				MARKETING_VERSION = 1.0;
				PRODUCT_BUNDLE_IDENTIFIER = daniel.MacLandmarks;
				PRODUCT_NAME = "$(TARGET_NAME)";
				SDKROOT = macosx;
				SWIFT_EMIT_LOC_STRINGS = YES;
				SWIFT_VERSION = 5.0;
			};
			name = Release;
		};
		0A6AE6C9278D7CE700A58725 /* Debug */ = {
			isa = XCBuildConfiguration;
			buildSettings = {
				ALWAYS_EMBED_SWIFT_STANDARD_LIBRARIES = YES;
				BUNDLE_LOADER = "$(TEST_HOST)";
				CODE_SIGN_STYLE = Automatic;
				CURRENT_PROJECT_VERSION = 1;
				DEVELOPMENT_TEAM = DR789XTL34;
				GENERATE_INFOPLIST_FILE = YES;
				MACOSX_DEPLOYMENT_TARGET = 12.1;
				MARKETING_VERSION = 1.0;
				PRODUCT_BUNDLE_IDENTIFIER = daniel.MacLandmarksTests;
				PRODUCT_NAME = "$(TARGET_NAME)";
				SDKROOT = macosx;
				SWIFT_EMIT_LOC_STRINGS = NO;
				SWIFT_VERSION = 5.0;
				TEST_HOST = "$(BUILT_PRODUCTS_DIR)/MacLandmarks.app/Contents/MacOS/MacLandmarks";
			};
			name = Debug;
		};
		0A6AE6CA278D7CE700A58725 /* Release */ = {
			isa = XCBuildConfiguration;
			buildSettings = {
				ALWAYS_EMBED_SWIFT_STANDARD_LIBRARIES = YES;
				BUNDLE_LOADER = "$(TEST_HOST)";
				CODE_SIGN_STYLE = Automatic;
				CURRENT_PROJECT_VERSION = 1;
				DEVELOPMENT_TEAM = DR789XTL34;
				GENERATE_INFOPLIST_FILE = YES;
				MACOSX_DEPLOYMENT_TARGET = 12.1;
				MARKETING_VERSION = 1.0;
				PRODUCT_BUNDLE_IDENTIFIER = daniel.MacLandmarksTests;
				PRODUCT_NAME = "$(TARGET_NAME)";
				SDKROOT = macosx;
				SWIFT_EMIT_LOC_STRINGS = NO;
				SWIFT_VERSION = 5.0;
				TEST_HOST = "$(BUILT_PRODUCTS_DIR)/MacLandmarks.app/Contents/MacOS/MacLandmarks";
			};
			name = Release;
		};
		0A6AE6CC278D7CE700A58725 /* Debug */ = {
			isa = XCBuildConfiguration;
			buildSettings = {
				ALWAYS_EMBED_SWIFT_STANDARD_LIBRARIES = YES;
				CODE_SIGN_STYLE = Automatic;
				CURRENT_PROJECT_VERSION = 1;
				DEVELOPMENT_TEAM = DR789XTL34;
				GENERATE_INFOPLIST_FILE = YES;
				MACOSX_DEPLOYMENT_TARGET = 12.1;
				MARKETING_VERSION = 1.0;
				PRODUCT_BUNDLE_IDENTIFIER = daniel.MacLandmarksUITests;
				PRODUCT_NAME = "$(TARGET_NAME)";
				SDKROOT = macosx;
				SWIFT_EMIT_LOC_STRINGS = NO;
				SWIFT_VERSION = 5.0;
				TEST_TARGET_NAME = MacLandmarks;
			};
			name = Debug;
		};
		0A6AE6CD278D7CE700A58725 /* Release */ = {
			isa = XCBuildConfiguration;
			buildSettings = {
				ALWAYS_EMBED_SWIFT_STANDARD_LIBRARIES = YES;
				CODE_SIGN_STYLE = Automatic;
				CURRENT_PROJECT_VERSION = 1;
				DEVELOPMENT_TEAM = DR789XTL34;
				GENERATE_INFOPLIST_FILE = YES;
				MACOSX_DEPLOYMENT_TARGET = 12.1;
				MARKETING_VERSION = 1.0;
				PRODUCT_BUNDLE_IDENTIFIER = daniel.MacLandmarksUITests;
				PRODUCT_NAME = "$(TARGET_NAME)";
				SDKROOT = macosx;
				SWIFT_EMIT_LOC_STRINGS = NO;
				SWIFT_VERSION = 5.0;
				TEST_TARGET_NAME = MacLandmarks;
			};
			name = Release;
		};
/* End XCBuildConfiguration section */

/* Begin XCConfigurationList section */
		0A5152AB278AA74000281301 /* Build configuration list for PBXProject "Landmarks" */ = {
			isa = XCConfigurationList;
			buildConfigurations = (
				0A5152D2278AA74100281301 /* Debug */,
				0A5152D3278AA74100281301 /* Release */,
			);
			defaultConfigurationIsVisible = 0;
			defaultConfigurationName = Release;
		};
		0A5152D4278AA74100281301 /* Build configuration list for PBXNativeTarget "Landmarks" */ = {
			isa = XCConfigurationList;
			buildConfigurations = (
				0A5152D5278AA74100281301 /* Debug */,
				0A5152D6278AA74100281301 /* Release */,
			);
			defaultConfigurationIsVisible = 0;
			defaultConfigurationName = Release;
		};
		0A5152D7278AA74100281301 /* Build configuration list for PBXNativeTarget "LandmarksTests" */ = {
			isa = XCConfigurationList;
			buildConfigurations = (
				0A5152D8278AA74100281301 /* Debug */,
				0A5152D9278AA74100281301 /* Release */,
			);
			defaultConfigurationIsVisible = 0;
			defaultConfigurationName = Release;
		};
		0A5152DA278AA74100281301 /* Build configuration list for PBXNativeTarget "LandmarksUITests" */ = {
			isa = XCConfigurationList;
			buildConfigurations = (
				0A5152DB278AA74100281301 /* Debug */,
				0A5152DC278AA74100281301 /* Release */,
			);
			defaultConfigurationIsVisible = 0;
			defaultConfigurationName = Release;
		};
		0A6AE665278D6D9F00A58725 /* Build configuration list for PBXNativeTarget "WatchLandmarks WatchKit Extension" */ = {
			isa = XCConfigurationList;
			buildConfigurations = (
				0A6AE666278D6D9F00A58725 /* Debug */,
				0A6AE667278D6D9F00A58725 /* Release */,
			);
			defaultConfigurationIsVisible = 0;
			defaultConfigurationName = Release;
		};
		0A6AE669278D6D9F00A58725 /* Build configuration list for PBXNativeTarget "WatchLandmarks" */ = {
			isa = XCConfigurationList;
			buildConfigurations = (
				0A6AE66A278D6D9F00A58725 /* Debug */,
				0A6AE66B278D6D9F00A58725 /* Release */,
			);
			defaultConfigurationIsVisible = 0;
			defaultConfigurationName = Release;
		};
		0A6AE66D278D6D9F00A58725 /* Build configuration list for PBXNativeTarget "WatchLandmarksTests" */ = {
			isa = XCConfigurationList;
			buildConfigurations = (
				0A6AE66E278D6D9F00A58725 /* Debug */,
				0A6AE66F278D6D9F00A58725 /* Release */,
			);
			defaultConfigurationIsVisible = 0;
			defaultConfigurationName = Release;
		};
		0A6AE670278D6D9F00A58725 /* Build configuration list for PBXNativeTarget "WatchLandmarksUITests" */ = {
			isa = XCConfigurationList;
			buildConfigurations = (
				0A6AE671278D6D9F00A58725 /* Debug */,
				0A6AE672278D6D9F00A58725 /* Release */,
			);
			defaultConfigurationIsVisible = 0;
			defaultConfigurationName = Release;
		};
		0A6AE6C5278D7CE700A58725 /* Build configuration list for PBXNativeTarget "MacLandmarks" */ = {
			isa = XCConfigurationList;
			buildConfigurations = (
				0A6AE6C6278D7CE700A58725 /* Debug */,
				0A6AE6C7278D7CE700A58725 /* Release */,
			);
			defaultConfigurationIsVisible = 0;
			defaultConfigurationName = Release;
		};
		0A6AE6C8278D7CE700A58725 /* Build configuration list for PBXNativeTarget "MacLandmarksTests" */ = {
			isa = XCConfigurationList;
			buildConfigurations = (
				0A6AE6C9278D7CE700A58725 /* Debug */,
				0A6AE6CA278D7CE700A58725 /* Release */,
			);
			defaultConfigurationIsVisible = 0;
			defaultConfigurationName = Release;
		};
		0A6AE6CB278D7CE700A58725 /* Build configuration list for PBXNativeTarget "MacLandmarksUITests" */ = {
			isa = XCConfigurationList;
			buildConfigurations = (
				0A6AE6CC278D7CE700A58725 /* Debug */,
				0A6AE6CD278D7CE700A58725 /* Release */,
			);
			defaultConfigurationIsVisible = 0;
			defaultConfigurationName = Release;
		};
/* End XCConfigurationList section */
	};
	rootObject = 0A5152A8278AA74000281301 /* Project object */;
}
